{
  "object": {
    "pins": [
      {
        "package": "EonilFSEvents",
        "repositoryURL": "https://github.com/eonil/FSEvents.git",
        "state": {
          "branch": "master",
          "revision": "e6b7cdfa2754454e194a45ee6c2004d0f630fe88",
          "version": null
        }
      },
      {
        "package": "Licensable",
        "repositoryURL": "https://github.com/inseven/licensable",
        "state": {
          "branch": null,
          "revision": "a8ad62c6fde5aca29a47459b0687e580eee203dd",
          "version": "0.0.13"
        }
      },
      {
        "package": "swift-collections",
        "repositoryURL": "https://github.com/apple/swift-collections.git",
        "state": {
          "branch": null,
          "revision": "f504716c27d2e5d4144fa4794b12129301d17729",
          "version": "1.0.3"
        }
      },
      {
        "package": "SwiftDocCPlugin",
        "repositoryURL": "https://github.com/apple/swift-docc-plugin",
        "state": {
          "branch": null,
          "revision": "3303b164430d9a7055ba484c8ead67a52f7b74f6",
          "version": "1.0.0"
        }
      },
      {
        "package": "Introspect",
        "repositoryURL": "https://github.com/siteline/SwiftUI-Introspect.git",
        "state": {
          "branch": null,
          "revision": "2e09be8af614401bc9f87d40093ec19ce56ccaf2",
          "version": "0.1.3"
        }
      },
      {
        "package": "TokenUI",
        "repositoryURL": "https://github.com/hootsuite/token-ui.git",
        "state": {
          "branch": "master",
          "revision": "8dbad378a86544a26557ab6fbc757fa20b28e17d",
          "version": null
        }
      }
    ]
  },
  "version": 1
}
