// !$*UTF8*$!
{
	archiveVersion = 1;
	classes = {
	};
	objectVersion = 52;
	objects = {

/* Begin PBXBuildFile section */
		D8037B122617F8CD00F41971 /* Introspect in Frameworks */ = {isa = PBXBuildFile; productRef = D8037B112617F8CD00F41971 /* Introspect */; };
		D80F72D826430E3C0010BB38 /* Data.swift in Sources */ = {isa = PBXBuildFile; fileRef = D80F72D726430E3C0010BB38 /* Data.swift */; };
		D821E939257A959D005D3205 /* DateView.swift in Sources */ = {isa = PBXBuildFile; fileRef = D821E938257A959D005D3205 /* DateView.swift */; };
		D821E946257AA5FC005D3205 /* Sidebar.swift in Sources */ = {isa = PBXBuildFile; fileRef = D821E945257AA5FC005D3205 /* Sidebar.swift */; };
		D821E94B257AB2C9005D3205 /* FileRow.swift in Sources */ = {isa = PBXBuildFile; fileRef = D821E94A257AB2C9005D3205 /* FileRow.swift */; };
		D829DDB425787C100066A807 /* Settings.swift in Sources */ = {isa = PBXBuildFile; fileRef = D829DDB325787C100066A807 /* Settings.swift */; };
		D82D01222657632C00FD2974 /* VariableDateView.swift in Sources */ = {isa = PBXBuildFile; fileRef = D82D01212657632C00FD2974 /* VariableDateView.swift */; };
		D82D01242657637700FD2974 /* VariableStringView.swift in Sources */ = {isa = PBXBuildFile; fileRef = D82D01232657637700FD2974 /* VariableStringView.swift */; };
		D82D01262657F66B00FD2974 /* VariableProvider.swift in Sources */ = {isa = PBXBuildFile; fileRef = D82D01252657F66B00FD2974 /* VariableProvider.swift */; };
		D82D01282657F69900FD2974 /* Observable.swift in Sources */ = {isa = PBXBuildFile; fileRef = D82D01272657F69900FD2974 /* Observable.swift */; };
		D82D012A2657F6D500FD2974 /* TextProvider.swift in Sources */ = {isa = PBXBuildFile; fileRef = D82D01292657F6D500FD2974 /* TextProvider.swift */; };
		D82D73D728B4C659006F49F1 /* Wizard.swift in Sources */ = {isa = PBXBuildFile; fileRef = D82D73D628B4C659006F49F1 /* Wizard.swift */; };
		D83CDCE52620F97F0063C91C /* VariableTextField.swift in Sources */ = {isa = PBXBuildFile; fileRef = D83CDCE42620F97F0063C91C /* VariableTextField.swift */; };
		D83CDCEA2620FF210063C91C /* RuleSheet.swift in Sources */ = {isa = PBXBuildFile; fileRef = D83CDCE92620FF210063C91C /* RuleSheet.swift */; };
		D85C95812579CED30007AE1E /* SelectionToolbar.swift in Sources */ = {isa = PBXBuildFile; fileRef = D85C95802579CED30007AE1E /* SelectionToolbar.swift */; };
		D87DEF7F25774F6C006CFE85 /* FileawayApp.swift in Sources */ = {isa = PBXBuildFile; fileRef = D87DEF7E25774F6C006CFE85 /* FileawayApp.swift */; };
		D87DEF8125774F6C006CFE85 /* ContentView.swift in Sources */ = {isa = PBXBuildFile; fileRef = D87DEF8025774F6C006CFE85 /* ContentView.swift */; };
		D87DEF8325774F6D006CFE85 /* Assets.xcassets in Resources */ = {isa = PBXBuildFile; fileRef = D87DEF8225774F6D006CFE85 /* Assets.xcassets */; };
		D87DEF8625774F6D006CFE85 /* Preview Assets.xcassets in Resources */ = {isa = PBXBuildFile; fileRef = D87DEF8525774F6D006CFE85 /* Preview Assets.xcassets */; };
		D87DEF9225774F6D006CFE85 /* Document_FinderTests.swift in Sources */ = {isa = PBXBuildFile; fileRef = D87DEF9125774F6D006CFE85 /* Document_FinderTests.swift */; };
		D87DEF9D25774F6D006CFE85 /* Document_FinderUITests.swift in Sources */ = {isa = PBXBuildFile; fileRef = D87DEF9C25774F6D006CFE85 /* Document_FinderUITests.swift */; };
		D87DEFAF2577E068006CFE85 /* EonilFSEvents in Frameworks */ = {isa = PBXBuildFile; productRef = D87DEFAE2577E068006CFE85 /* EonilFSEvents */; };
		D87DEFB925783F66006CFE85 /* DirectoryView.swift in Sources */ = {isa = PBXBuildFile; fileRef = D87DEFB825783F66006CFE85 /* DirectoryView.swift */; };
		D87DEFBE257840B1006CFE85 /* Manager.swift in Sources */ = {isa = PBXBuildFile; fileRef = D87DEFBD257840B1006CFE85 /* Manager.swift */; };
		D87DEFC4257848B7006CFE85 /* URL.swift in Sources */ = {isa = PBXBuildFile; fileRef = D87DEFC3257848B7006CFE85 /* URL.swift */; };
		D88B353B28B6113A000C8910 /* FileawayCore in Frameworks */ = {isa = PBXBuildFile; productRef = D88B353A28B6113A000C8910 /* FileawayCore */; };
		D8B33E872645E445005DA5C2 /* MenuItem.swift in Sources */ = {isa = PBXBuildFile; fileRef = D8B33E862645E445005DA5C2 /* MenuItem.swift */; };
		D8B657E826421D5B009DE837 /* LocationMenuItems.swift in Sources */ = {isa = PBXBuildFile; fileRef = D8B657E726421D5B009DE837 /* LocationMenuItems.swift */; };
		D8B657EC2642D2C5009DE837 /* RulesSettingsView.swift in Sources */ = {isa = PBXBuildFile; fileRef = D8B657EB2642D2C5009DE837 /* RulesSettingsView.swift */; };
		D8B657EE2642D40F009DE837 /* LocationsEditor.swift in Sources */ = {isa = PBXBuildFile; fileRef = D8B657ED2642D40F009DE837 /* LocationsEditor.swift */; };
		D8B6D030257DBB7D00C7E472 /* SelectionModel.swift in Sources */ = {isa = PBXBuildFile; fileRef = D8B6D02F257DBB7D00C7E472 /* SelectionModel.swift */; };
		D8B6D035257E71CD00C7E472 /* QuickLookCoordinator.swift in Sources */ = {isa = PBXBuildFile; fileRef = D8B6D034257E71CD00C7E472 /* QuickLookCoordinator.swift */; };
		D8D275BE28B3865500200A7C /* Diligence in Frameworks */ = {isa = PBXBuildFile; productRef = D8D275BD28B3865500200A7C /* Diligence */; };
		D8D78A922580DD750088890F /* QuickLookPreview.swift in Sources */ = {isa = PBXBuildFile; fileRef = D8D78A912580DD750088890F /* QuickLookPreview.swift */; };
		D8E7F9B125999C8800C7409B /* RulesEditor.swift in Sources */ = {isa = PBXBuildFile; fileRef = D8E7F9B025999C8800C7409B /* RulesEditor.swift */; };
		D8E7F9DE2599AFE000C7409B /* RuleDetailView.swift in Sources */ = {isa = PBXBuildFile; fileRef = D8E7F9DD2599AFE000C7409B /* RuleDetailView.swift */; };
		D8E7F9E32599B00A00C7409B /* DestinationList.swift in Sources */ = {isa = PBXBuildFile; fileRef = D8E7F9E22599B00A00C7409B /* DestinationList.swift */; };
		D8E7F9EB2599B05300C7409B /* VariableList.swift in Sources */ = {isa = PBXBuildFile; fileRef = D8E7F9EA2599B05300C7409B /* VariableList.swift */; };
		D8F8BE002586C6B90010432F /* RuleInstance.swift in Sources */ = {isa = PBXBuildFile; fileRef = D8F8BDFF2586C6B90010432F /* RuleInstance.swift */; };
		D8F8BE0C2588179E0010432F /* CloseKey.swift in Sources */ = {isa = PBXBuildFile; fileRef = D8F8BE0B2588179E0010432F /* CloseKey.swift */; };
		D8F8BE12258818450010432F /* RulesWizard.swift in Sources */ = {isa = PBXBuildFile; fileRef = D8F8BE11258818450010432F /* RulesWizard.swift */; };
		D8F8BE1D2588192F0010432F /* DetailsPage.swift in Sources */ = {isa = PBXBuildFile; fileRef = D8F8BE1C2588192F0010432F /* DetailsPage.swift */; };
		D8F8BE22258819860010432F /* StringInstance.swift in Sources */ = {isa = PBXBuildFile; fileRef = D8F8BE21258819860010432F /* StringInstance.swift */; };
		D8F8BE27258819C80010432F /* DateInstance.swift in Sources */ = {isa = PBXBuildFile; fileRef = D8F8BE26258819C80010432F /* DateInstance.swift */; };
		D8F8BE3225881BC50010432F /* VariableInstance.swift in Sources */ = {isa = PBXBuildFile; fileRef = D8F8BE3125881BC50010432F /* VariableInstance.swift */; };
		D8F8BE3725881C1A0010432F /* TaskPage.swift in Sources */ = {isa = PBXBuildFile; fileRef = D8F8BE3625881C1A0010432F /* TaskPage.swift */; };
		D8F90C7325DAA72700F0EFB8 /* Interact in Frameworks */ = {isa = PBXBuildFile; productRef = D8F90C7225DAA72700F0EFB8 /* Interact */; };
		D8FC5334257BB6D2008FB609 /* MailboxRow.swift in Sources */ = {isa = PBXBuildFile; fileRef = D8FC5333257BB6D2008FB609 /* MailboxRow.swift */; };
		D8FC5342257BB77C008FB609 /* SettingsView.swift in Sources */ = {isa = PBXBuildFile; fileRef = D8FC5341257BB77C008FB609 /* SettingsView.swift */; };
		D8FC534A257BB7A4008FB609 /* LocationsSettingsView.swift in Sources */ = {isa = PBXBuildFile; fileRef = D8FC5349257BB7A4008FB609 /* LocationsSettingsView.swift */; };
		D8FE3ACF29114F6A00C6F7FE /* FocusedSelectionModelKey.swift in Sources */ = {isa = PBXBuildFile; fileRef = D8FE3ACE29114F6A00C6F7FE /* FocusedSelectionModelKey.swift */; };
/* End PBXBuildFile section */

/* Begin PBXContainerItemProxy section */
		D87DEF8E25774F6D006CFE85 /* PBXContainerItemProxy */ = {
			isa = PBXContainerItemProxy;
			containerPortal = D87DEF7325774F6C006CFE85 /* Project object */;
			proxyType = 1;
			remoteGlobalIDString = D87DEF7A25774F6C006CFE85;
			remoteInfo = "Document Finder";
		};
		D87DEF9925774F6D006CFE85 /* PBXContainerItemProxy */ = {
			isa = PBXContainerItemProxy;
			containerPortal = D87DEF7325774F6C006CFE85 /* Project object */;
			proxyType = 1;
			remoteGlobalIDString = D87DEF7A25774F6C006CFE85;
			remoteInfo = "Document Finder";
		};
/* End PBXContainerItemProxy section */

/* Begin PBXFileReference section */
		D80F72D726430E3C0010BB38 /* Data.swift */ = {isa = PBXFileReference; lastKnownFileType = sourcecode.swift; path = Data.swift; sourceTree = "<group>"; };
		D821E938257A959D005D3205 /* DateView.swift */ = {isa = PBXFileReference; lastKnownFileType = sourcecode.swift; path = DateView.swift; sourceTree = "<group>"; };
		D821E945257AA5FC005D3205 /* Sidebar.swift */ = {isa = PBXFileReference; lastKnownFileType = sourcecode.swift; path = Sidebar.swift; sourceTree = "<group>"; };
		D821E94A257AB2C9005D3205 /* FileRow.swift */ = {isa = PBXFileReference; lastKnownFileType = sourcecode.swift; path = FileRow.swift; sourceTree = "<group>"; };
		D829DDB325787C100066A807 /* Settings.swift */ = {isa = PBXFileReference; lastKnownFileType = sourcecode.swift; path = Settings.swift; sourceTree = "<group>"; };
		D82D01212657632C00FD2974 /* VariableDateView.swift */ = {isa = PBXFileReference; lastKnownFileType = sourcecode.swift; path = VariableDateView.swift; sourceTree = "<group>"; };
		D82D01232657637700FD2974 /* VariableStringView.swift */ = {isa = PBXFileReference; lastKnownFileType = sourcecode.swift; path = VariableStringView.swift; sourceTree = "<group>"; };
		D82D01252657F66B00FD2974 /* VariableProvider.swift */ = {isa = PBXFileReference; lastKnownFileType = sourcecode.swift; path = VariableProvider.swift; sourceTree = "<group>"; };
		D82D01272657F69900FD2974 /* Observable.swift */ = {isa = PBXFileReference; lastKnownFileType = sourcecode.swift; path = Observable.swift; sourceTree = "<group>"; };
		D82D01292657F6D500FD2974 /* TextProvider.swift */ = {isa = PBXFileReference; lastKnownFileType = sourcecode.swift; path = TextProvider.swift; sourceTree = "<group>"; };
		D82D73D628B4C659006F49F1 /* Wizard.swift */ = {isa = PBXFileReference; lastKnownFileType = sourcecode.swift; path = Wizard.swift; sourceTree = "<group>"; };
		D83CDCE42620F97F0063C91C /* VariableTextField.swift */ = {isa = PBXFileReference; lastKnownFileType = sourcecode.swift; path = VariableTextField.swift; sourceTree = "<group>"; };
		D83CDCE92620FF210063C91C /* RuleSheet.swift */ = {isa = PBXFileReference; lastKnownFileType = sourcecode.swift; path = RuleSheet.swift; sourceTree = "<group>"; };
		D85C95802579CED30007AE1E /* SelectionToolbar.swift */ = {isa = PBXFileReference; lastKnownFileType = sourcecode.swift; path = SelectionToolbar.swift; sourceTree = "<group>"; };
		D876A3B32654873E006D19FB /* FileawayCore.framework */ = {isa = PBXFileReference; explicitFileType = wrapper.framework; path = FileawayCore.framework; sourceTree = BUILT_PRODUCTS_DIR; };
		D87DEF7B25774F6C006CFE85 /* Fileaway.app */ = {isa = PBXFileReference; explicitFileType = wrapper.application; includeInIndex = 0; path = Fileaway.app; sourceTree = BUILT_PRODUCTS_DIR; };
		D87DEF7E25774F6C006CFE85 /* FileawayApp.swift */ = {isa = PBXFileReference; lastKnownFileType = sourcecode.swift; path = FileawayApp.swift; sourceTree = "<group>"; };
		D87DEF8025774F6C006CFE85 /* ContentView.swift */ = {isa = PBXFileReference; lastKnownFileType = sourcecode.swift; path = ContentView.swift; sourceTree = "<group>"; };
		D87DEF8225774F6D006CFE85 /* Assets.xcassets */ = {isa = PBXFileReference; lastKnownFileType = folder.assetcatalog; path = Assets.xcassets; sourceTree = "<group>"; };
		D87DEF8525774F6D006CFE85 /* Preview Assets.xcassets */ = {isa = PBXFileReference; lastKnownFileType = folder.assetcatalog; path = "Preview Assets.xcassets"; sourceTree = "<group>"; };
		D87DEF8725774F6D006CFE85 /* Info.plist */ = {isa = PBXFileReference; lastKnownFileType = text.plist.xml; path = Info.plist; sourceTree = "<group>"; };
		D87DEF8825774F6D006CFE85 /* Fileaway.entitlements */ = {isa = PBXFileReference; lastKnownFileType = text.plist.entitlements; path = Fileaway.entitlements; sourceTree = "<group>"; };
		D87DEF8D25774F6D006CFE85 /* FileawayTests.xctest */ = {isa = PBXFileReference; explicitFileType = wrapper.cfbundle; includeInIndex = 0; path = FileawayTests.xctest; sourceTree = BUILT_PRODUCTS_DIR; };
		D87DEF9125774F6D006CFE85 /* Document_FinderTests.swift */ = {isa = PBXFileReference; lastKnownFileType = sourcecode.swift; path = Document_FinderTests.swift; sourceTree = "<group>"; };
		D87DEF9325774F6D006CFE85 /* Info.plist */ = {isa = PBXFileReference; lastKnownFileType = text.plist.xml; path = Info.plist; sourceTree = "<group>"; };
		D87DEF9825774F6D006CFE85 /* FileawayUITests.xctest */ = {isa = PBXFileReference; explicitFileType = wrapper.cfbundle; includeInIndex = 0; path = FileawayUITests.xctest; sourceTree = BUILT_PRODUCTS_DIR; };
		D87DEF9C25774F6D006CFE85 /* Document_FinderUITests.swift */ = {isa = PBXFileReference; lastKnownFileType = sourcecode.swift; path = Document_FinderUITests.swift; sourceTree = "<group>"; };
		D87DEF9E25774F6D006CFE85 /* Info.plist */ = {isa = PBXFileReference; lastKnownFileType = text.plist.xml; path = Info.plist; sourceTree = "<group>"; };
		D87DEFB825783F66006CFE85 /* DirectoryView.swift */ = {isa = PBXFileReference; lastKnownFileType = sourcecode.swift; path = DirectoryView.swift; sourceTree = "<group>"; };
		D87DEFBD257840B1006CFE85 /* Manager.swift */ = {isa = PBXFileReference; lastKnownFileType = sourcecode.swift; path = Manager.swift; sourceTree = "<group>"; };
		D87DEFC3257848B7006CFE85 /* URL.swift */ = {isa = PBXFileReference; lastKnownFileType = sourcecode.swift; path = URL.swift; sourceTree = "<group>"; };
		D88B353928B61015000C8910 /* core */ = {isa = PBXFileReference; lastKnownFileType = wrapper; name = core; path = ../core; sourceTree = "<group>"; };
		D8B33E862645E445005DA5C2 /* MenuItem.swift */ = {isa = PBXFileReference; lastKnownFileType = sourcecode.swift; path = MenuItem.swift; sourceTree = "<group>"; };
		D8B657E726421D5B009DE837 /* LocationMenuItems.swift */ = {isa = PBXFileReference; lastKnownFileType = sourcecode.swift; path = LocationMenuItems.swift; sourceTree = "<group>"; };
		D8B657EB2642D2C5009DE837 /* RulesSettingsView.swift */ = {isa = PBXFileReference; lastKnownFileType = sourcecode.swift; path = RulesSettingsView.swift; sourceTree = "<group>"; };
		D8B657ED2642D40F009DE837 /* LocationsEditor.swift */ = {isa = PBXFileReference; lastKnownFileType = sourcecode.swift; path = LocationsEditor.swift; sourceTree = "<group>"; };
		D8B6D02F257DBB7D00C7E472 /* SelectionModel.swift */ = {isa = PBXFileReference; lastKnownFileType = sourcecode.swift; path = SelectionModel.swift; sourceTree = "<group>"; };
		D8B6D034257E71CD00C7E472 /* QuickLookCoordinator.swift */ = {isa = PBXFileReference; lastKnownFileType = sourcecode.swift; path = QuickLookCoordinator.swift; sourceTree = "<group>"; };
		D8D275BC28B3862400200A7C /* diligence */ = {isa = PBXFileReference; lastKnownFileType = wrapper; name = diligence; path = ../diligence; sourceTree = "<group>"; };
		D8D78A912580DD750088890F /* QuickLookPreview.swift */ = {isa = PBXFileReference; lastKnownFileType = sourcecode.swift; path = QuickLookPreview.swift; sourceTree = "<group>"; };
		D8E7F9B025999C8800C7409B /* RulesEditor.swift */ = {isa = PBXFileReference; lastKnownFileType = sourcecode.swift; path = RulesEditor.swift; sourceTree = "<group>"; };
		D8E7F9DD2599AFE000C7409B /* RuleDetailView.swift */ = {isa = PBXFileReference; lastKnownFileType = sourcecode.swift; path = RuleDetailView.swift; sourceTree = "<group>"; };
		D8E7F9E22599B00A00C7409B /* DestinationList.swift */ = {isa = PBXFileReference; lastKnownFileType = sourcecode.swift; path = DestinationList.swift; sourceTree = "<group>"; };
		D8E7F9EA2599B05300C7409B /* VariableList.swift */ = {isa = PBXFileReference; lastKnownFileType = sourcecode.swift; path = VariableList.swift; sourceTree = "<group>"; };
		D8F8BDFF2586C6B90010432F /* RuleInstance.swift */ = {isa = PBXFileReference; lastKnownFileType = sourcecode.swift; path = RuleInstance.swift; sourceTree = "<group>"; };
		D8F8BE0B2588179E0010432F /* CloseKey.swift */ = {isa = PBXFileReference; lastKnownFileType = sourcecode.swift; path = CloseKey.swift; sourceTree = "<group>"; };
		D8F8BE11258818450010432F /* RulesWizard.swift */ = {isa = PBXFileReference; lastKnownFileType = sourcecode.swift; path = RulesWizard.swift; sourceTree = "<group>"; };
		D8F8BE1C2588192F0010432F /* DetailsPage.swift */ = {isa = PBXFileReference; lastKnownFileType = sourcecode.swift; path = DetailsPage.swift; sourceTree = "<group>"; };
		D8F8BE21258819860010432F /* StringInstance.swift */ = {isa = PBXFileReference; lastKnownFileType = sourcecode.swift; path = StringInstance.swift; sourceTree = "<group>"; };
		D8F8BE26258819C80010432F /* DateInstance.swift */ = {isa = PBXFileReference; lastKnownFileType = sourcecode.swift; path = DateInstance.swift; sourceTree = "<group>"; };
		D8F8BE3125881BC50010432F /* VariableInstance.swift */ = {isa = PBXFileReference; lastKnownFileType = sourcecode.swift; path = VariableInstance.swift; sourceTree = "<group>"; };
		D8F8BE3625881C1A0010432F /* TaskPage.swift */ = {isa = PBXFileReference; lastKnownFileType = sourcecode.swift; path = TaskPage.swift; sourceTree = "<group>"; };
		D8F90C6B25DAA6A400F0EFB8 /* interact */ = {isa = PBXFileReference; lastKnownFileType = folder; name = interact; path = ../interact; sourceTree = "<group>"; };
		D8FC5333257BB6D2008FB609 /* MailboxRow.swift */ = {isa = PBXFileReference; lastKnownFileType = sourcecode.swift; path = MailboxRow.swift; sourceTree = "<group>"; };
		D8FC5341257BB77C008FB609 /* SettingsView.swift */ = {isa = PBXFileReference; lastKnownFileType = sourcecode.swift; path = SettingsView.swift; sourceTree = "<group>"; };
		D8FC5349257BB7A4008FB609 /* LocationsSettingsView.swift */ = {isa = PBXFileReference; lastKnownFileType = sourcecode.swift; path = LocationsSettingsView.swift; sourceTree = "<group>"; };
		D8FE3ACE29114F6A00C6F7FE /* FocusedSelectionModelKey.swift */ = {isa = PBXFileReference; lastKnownFileType = sourcecode.swift; path = FocusedSelectionModelKey.swift; sourceTree = "<group>"; };
/* End PBXFileReference section */

/* Begin PBXFrameworksBuildPhase section */
		D87DEF7825774F6C006CFE85 /* Frameworks */ = {
			isa = PBXFrameworksBuildPhase;
			buildActionMask = 2147483647;
			files = (
				D87DEFAF2577E068006CFE85 /* EonilFSEvents in Frameworks */,
				D8D275BE28B3865500200A7C /* Diligence in Frameworks */,
				D8037B122617F8CD00F41971 /* Introspect in Frameworks */,
				D8F90C7325DAA72700F0EFB8 /* Interact in Frameworks */,
				D88B353B28B6113A000C8910 /* FileawayCore in Frameworks */,
			);
			runOnlyForDeploymentPostprocessing = 0;
		};
		D87DEF8A25774F6D006CFE85 /* Frameworks */ = {
			isa = PBXFrameworksBuildPhase;
			buildActionMask = 2147483647;
			files = (
			);
			runOnlyForDeploymentPostprocessing = 0;
		};
		D87DEF9525774F6D006CFE85 /* Frameworks */ = {
			isa = PBXFrameworksBuildPhase;
			buildActionMask = 2147483647;
			files = (
			);
			runOnlyForDeploymentPostprocessing = 0;
		};
/* End PBXFrameworksBuildPhase section */

/* Begin PBXGroup section */
		D8005ABF258276160001BE2C /* Core */ = {
			isa = PBXGroup;
			children = (
				D8F8BE26258819C80010432F /* DateInstance.swift */,
				D87DEFBD257840B1006CFE85 /* Manager.swift */,
				D8F8BDFF2586C6B90010432F /* RuleInstance.swift */,
				D829DDB325787C100066A807 /* Settings.swift */,
				D8F8BE21258819860010432F /* StringInstance.swift */,
				D8F8BE3125881BC50010432F /* VariableInstance.swift */,
			);
			path = Core;
			sourceTree = "<group>";
		};
		D821E937257A9591005D3205 /* Views */ = {
			isa = PBXGroup;
			children = (
				D87DEF8025774F6C006CFE85 /* ContentView.swift */,
				D821E938257A959D005D3205 /* DateView.swift */,
				D87DEFB825783F66006CFE85 /* DirectoryView.swift */,
				D821E94A257AB2C9005D3205 /* FileRow.swift */,
				D8B657E726421D5B009DE837 /* LocationMenuItems.swift */,
				D8FC5333257BB6D2008FB609 /* MailboxRow.swift */,
				D8B33E862645E445005DA5C2 /* MenuItem.swift */,
				D82D01272657F69900FD2974 /* Observable.swift */,
				D8D78A912580DD750088890F /* QuickLookPreview.swift */,
				D821E945257AA5FC005D3205 /* Sidebar.swift */,
				D82D01292657F6D500FD2974 /* TextProvider.swift */,
				D82D01212657632C00FD2974 /* VariableDateView.swift */,
				D82D01252657F66B00FD2974 /* VariableProvider.swift */,
				D82D01232657637700FD2974 /* VariableStringView.swift */,
				D8E7F9AF25999C5D00C7409B /* Settings */,
				D8F8BE102588182C0010432F /* Wizard */,
			);
			path = Views;
			sourceTree = "<group>";
		};
		D82D73D528B4C649006F49F1 /* Scenes */ = {
			isa = PBXGroup;
			children = (
				D82D73D628B4C659006F49F1 /* Wizard.swift */,
			);
			path = Scenes;
			sourceTree = "<group>";
		};
		D85C95852579DD880007AE1E /* Toolbars */ = {
			isa = PBXGroup;
			children = (
				D85C95802579CED30007AE1E /* SelectionToolbar.swift */,
			);
			path = Toolbars;
			sourceTree = "<group>";
		};
		D87DEF7225774F6C006CFE85 = {
			isa = PBXGroup;
			children = (
				D8D275BB28B3862400200A7C /* Packages */,
				D8F90C6B25DAA6A400F0EFB8 /* interact */,
				D87DEF7D25774F6C006CFE85 /* Fileaway */,
				D87DEF9025774F6D006CFE85 /* FileawayTests */,
				D87DEF9B25774F6D006CFE85 /* FileawayUITests */,
				D87DEF7C25774F6C006CFE85 /* Products */,
				D8F90C5925D9CA0700F0EFB8 /* Frameworks */,
			);
			sourceTree = "<group>";
		};
		D87DEF7C25774F6C006CFE85 /* Products */ = {
			isa = PBXGroup;
			children = (
				D87DEF7B25774F6C006CFE85 /* Fileaway.app */,
				D87DEF8D25774F6D006CFE85 /* FileawayTests.xctest */,
				D87DEF9825774F6D006CFE85 /* FileawayUITests.xctest */,
			);
			name = Products;
			sourceTree = "<group>";
		};
		D87DEF7D25774F6C006CFE85 /* Fileaway */ = {
			isa = PBXGroup;
			children = (
				D87DEF8825774F6D006CFE85 /* Fileaway.entitlements */,
				D87DEF8725774F6D006CFE85 /* Info.plist */,
				D87DEF7E25774F6C006CFE85 /* FileawayApp.swift */,
				D87DEF8225774F6D006CFE85 /* Assets.xcassets */,
				D8005ABF258276160001BE2C /* Core */,
				D8F8BE0A258817780010432F /* Environment */,
				D87DEFC2257848A7006CFE85 /* Extensions */,
				D87DEF8425774F6D006CFE85 /* Preview Content */,
				D82D73D528B4C649006F49F1 /* Scenes */,
				D85C95852579DD880007AE1E /* Toolbars */,
				D8FC5340257BB72F008FB609 /* Utilities */,
				D821E937257A9591005D3205 /* Views */,
			);
			path = Fileaway;
			sourceTree = "<group>";
		};
		D87DEF8425774F6D006CFE85 /* Preview Content */ = {
			isa = PBXGroup;
			children = (
				D87DEF8525774F6D006CFE85 /* Preview Assets.xcassets */,
			);
			path = "Preview Content";
			sourceTree = "<group>";
		};
		D87DEF9025774F6D006CFE85 /* FileawayTests */ = {
			isa = PBXGroup;
			children = (
				D87DEF9125774F6D006CFE85 /* Document_FinderTests.swift */,
				D87DEF9325774F6D006CFE85 /* Info.plist */,
			);
			path = FileawayTests;
			sourceTree = "<group>";
		};
		D87DEF9B25774F6D006CFE85 /* FileawayUITests */ = {
			isa = PBXGroup;
			children = (
				D87DEF9C25774F6D006CFE85 /* Document_FinderUITests.swift */,
				D87DEF9E25774F6D006CFE85 /* Info.plist */,
			);
			path = FileawayUITests;
			sourceTree = "<group>";
		};
		D87DEFC2257848A7006CFE85 /* Extensions */ = {
			isa = PBXGroup;
			children = (
				D87DEFC3257848B7006CFE85 /* URL.swift */,
				D80F72D726430E3C0010BB38 /* Data.swift */,
			);
			path = Extensions;
			sourceTree = "<group>";
		};
		D8D275BB28B3862400200A7C /* Packages */ = {
			isa = PBXGroup;
			children = (
				D8D275BC28B3862400200A7C /* diligence */,
				D88B353928B61015000C8910 /* core */,
			);
			name = Packages;
			sourceTree = "<group>";
		};
		D8E7F9AF25999C5D00C7409B /* Settings */ = {
			isa = PBXGroup;
			children = (
				D8E7F9E22599B00A00C7409B /* DestinationList.swift */,
				D8B657ED2642D40F009DE837 /* LocationsEditor.swift */,
				D8FC5349257BB7A4008FB609 /* LocationsSettingsView.swift */,
				D8E7F9DD2599AFE000C7409B /* RuleDetailView.swift */,
				D8E7F9B025999C8800C7409B /* RulesEditor.swift */,
				D83CDCE92620FF210063C91C /* RuleSheet.swift */,
				D8B657EB2642D2C5009DE837 /* RulesSettingsView.swift */,
				D8FC5341257BB77C008FB609 /* SettingsView.swift */,
				D8E7F9EA2599B05300C7409B /* VariableList.swift */,
				D83CDCE42620F97F0063C91C /* VariableTextField.swift */,
			);
			path = Settings;
			sourceTree = "<group>";
		};
		D8F8BE0A258817780010432F /* Environment */ = {
			isa = PBXGroup;
			children = (
				D8F8BE0B2588179E0010432F /* CloseKey.swift */,
				D8FE3ACE29114F6A00C6F7FE /* FocusedSelectionModelKey.swift */,
			);
			path = Environment;
			sourceTree = "<group>";
		};
		D8F8BE102588182C0010432F /* Wizard */ = {
			isa = PBXGroup;
			children = (
				D8F8BE1C2588192F0010432F /* DetailsPage.swift */,
				D8F8BE11258818450010432F /* RulesWizard.swift */,
				D8F8BE3625881C1A0010432F /* TaskPage.swift */,
			);
			path = Wizard;
			sourceTree = "<group>";
		};
		D8F90C5925D9CA0700F0EFB8 /* Frameworks */ = {
			isa = PBXGroup;
			children = (
				D876A3B32654873E006D19FB /* FileawayCore.framework */,
			);
			name = Frameworks;
			sourceTree = "<group>";
		};
		D8FC5340257BB72F008FB609 /* Utilities */ = {
			isa = PBXGroup;
			children = (
				D8B6D034257E71CD00C7E472 /* QuickLookCoordinator.swift */,
				D8B6D02F257DBB7D00C7E472 /* SelectionModel.swift */,
			);
			path = Utilities;
			sourceTree = "<group>";
		};
/* End PBXGroup section */

/* Begin PBXNativeTarget section */
		D87DEF7A25774F6C006CFE85 /* Fileaway */ = {
			isa = PBXNativeTarget;
			buildConfigurationList = D87DEFA125774F6D006CFE85 /* Build configuration list for PBXNativeTarget "Fileaway" */;
			buildPhases = (
				D87DEF7725774F6C006CFE85 /* Sources */,
				D87DEF7825774F6C006CFE85 /* Frameworks */,
				D87DEF7925774F6C006CFE85 /* Resources */,
			);
			buildRules = (
			);
			dependencies = (
			);
			name = Fileaway;
			packageProductDependencies = (
				D87DEFAE2577E068006CFE85 /* EonilFSEvents */,
				D8F90C7225DAA72700F0EFB8 /* Interact */,
				D8037B112617F8CD00F41971 /* Introspect */,
				D8D275BD28B3865500200A7C /* Diligence */,
				D88B353A28B6113A000C8910 /* FileawayCore */,
			);
			productName = "Document Finder";
			productReference = D87DEF7B25774F6C006CFE85 /* Fileaway.app */;
			productType = "com.apple.product-type.application";
		};
		D87DEF8C25774F6D006CFE85 /* FileawayTests */ = {
			isa = PBXNativeTarget;
			buildConfigurationList = D87DEFA425774F6D006CFE85 /* Build configuration list for PBXNativeTarget "FileawayTests" */;
			buildPhases = (
				D87DEF8925774F6D006CFE85 /* Sources */,
				D87DEF8A25774F6D006CFE85 /* Frameworks */,
				D87DEF8B25774F6D006CFE85 /* Resources */,
			);
			buildRules = (
			);
			dependencies = (
				D87DEF8F25774F6D006CFE85 /* PBXTargetDependency */,
			);
			name = FileawayTests;
			productName = "Document FinderTests";
			productReference = D87DEF8D25774F6D006CFE85 /* FileawayTests.xctest */;
			productType = "com.apple.product-type.bundle.unit-test";
		};
		D87DEF9725774F6D006CFE85 /* FileawayUITests */ = {
			isa = PBXNativeTarget;
			buildConfigurationList = D87DEFA725774F6D006CFE85 /* Build configuration list for PBXNativeTarget "FileawayUITests" */;
			buildPhases = (
				D87DEF9425774F6D006CFE85 /* Sources */,
				D87DEF9525774F6D006CFE85 /* Frameworks */,
				D87DEF9625774F6D006CFE85 /* Resources */,
			);
			buildRules = (
			);
			dependencies = (
				D87DEF9A25774F6D006CFE85 /* PBXTargetDependency */,
			);
			name = FileawayUITests;
			productName = "Document FinderUITests";
			productReference = D87DEF9825774F6D006CFE85 /* FileawayUITests.xctest */;
			productType = "com.apple.product-type.bundle.ui-testing";
		};
/* End PBXNativeTarget section */

/* Begin PBXProject section */
		D87DEF7325774F6C006CFE85 /* Project object */ = {
			isa = PBXProject;
			attributes = {
				LastSwiftUpdateCheck = 1220;
				LastUpgradeCheck = 1400;
				TargetAttributes = {
					D87DEF7A25774F6C006CFE85 = {
						CreatedOnToolsVersion = 12.2;
					};
					D87DEF8C25774F6D006CFE85 = {
						CreatedOnToolsVersion = 12.2;
						TestTargetID = D87DEF7A25774F6C006CFE85;
					};
					D87DEF9725774F6D006CFE85 = {
						CreatedOnToolsVersion = 12.2;
						TestTargetID = D87DEF7A25774F6C006CFE85;
					};
				};
			};
			buildConfigurationList = D87DEF7625774F6C006CFE85 /* Build configuration list for PBXProject "Fileaway-macOS" */;
			compatibilityVersion = "Xcode 9.3";
			developmentRegion = en;
			hasScannedForEncodings = 0;
			knownRegions = (
				en,
				Base,
			);
			mainGroup = D87DEF7225774F6C006CFE85;
			packageReferences = (
				D87DEFAD2577E068006CFE85 /* XCRemoteSwiftPackageReference "FSEvents" */,
				D8037B102617F8CD00F41971 /* XCRemoteSwiftPackageReference "SwiftUI-Introspect" */,
			);
			productRefGroup = D87DEF7C25774F6C006CFE85 /* Products */;
			projectDirPath = "";
			projectRoot = "";
			targets = (
				D87DEF7A25774F6C006CFE85 /* Fileaway */,
				D87DEF8C25774F6D006CFE85 /* FileawayTests */,
				D87DEF9725774F6D006CFE85 /* FileawayUITests */,
			);
		};
/* End PBXProject section */

/* Begin PBXResourcesBuildPhase section */
		D87DEF7925774F6C006CFE85 /* Resources */ = {
			isa = PBXResourcesBuildPhase;
			buildActionMask = 2147483647;
			files = (
				D87DEF8625774F6D006CFE85 /* Preview Assets.xcassets in Resources */,
				D87DEF8325774F6D006CFE85 /* Assets.xcassets in Resources */,
			);
			runOnlyForDeploymentPostprocessing = 0;
		};
		D87DEF8B25774F6D006CFE85 /* Resources */ = {
			isa = PBXResourcesBuildPhase;
			buildActionMask = 2147483647;
			files = (
			);
			runOnlyForDeploymentPostprocessing = 0;
		};
		D87DEF9625774F6D006CFE85 /* Resources */ = {
			isa = PBXResourcesBuildPhase;
			buildActionMask = 2147483647;
			files = (
			);
			runOnlyForDeploymentPostprocessing = 0;
		};
/* End PBXResourcesBuildPhase section */

/* Begin PBXSourcesBuildPhase section */
		D87DEF7725774F6C006CFE85 /* Sources */ = {
			isa = PBXSourcesBuildPhase;
			buildActionMask = 2147483647;
			files = (
				D821E939257A959D005D3205 /* DateView.swift in Sources */,
				D87DEF8125774F6C006CFE85 /* ContentView.swift in Sources */,
				D8E7F9E32599B00A00C7409B /* DestinationList.swift in Sources */,
				D821E94B257AB2C9005D3205 /* FileRow.swift in Sources */,
				D83CDCEA2620FF210063C91C /* RuleSheet.swift in Sources */,
				D8FC5342257BB77C008FB609 /* SettingsView.swift in Sources */,
				D80F72D826430E3C0010BB38 /* Data.swift in Sources */,
				D8F8BE3725881C1A0010432F /* TaskPage.swift in Sources */,
				D85C95812579CED30007AE1E /* SelectionToolbar.swift in Sources */,
				D8F8BE002586C6B90010432F /* RuleInstance.swift in Sources */,
				D8E7F9B125999C8800C7409B /* RulesEditor.swift in Sources */,
				D8F8BE22258819860010432F /* StringInstance.swift in Sources */,
				D8F8BE3225881BC50010432F /* VariableInstance.swift in Sources */,
				D82D01282657F69900FD2974 /* Observable.swift in Sources */,
				D821E946257AA5FC005D3205 /* Sidebar.swift in Sources */,
				D8F8BE12258818450010432F /* RulesWizard.swift in Sources */,
				D82D01222657632C00FD2974 /* VariableDateView.swift in Sources */,
				D87DEF7F25774F6C006CFE85 /* FileawayApp.swift in Sources */,
				D87DEFB925783F66006CFE85 /* DirectoryView.swift in Sources */,
				D83CDCE52620F97F0063C91C /* VariableTextField.swift in Sources */,
				D8B657E826421D5B009DE837 /* LocationMenuItems.swift in Sources */,
				D8FE3ACF29114F6A00C6F7FE /* FocusedSelectionModelKey.swift in Sources */,
				D829DDB425787C100066A807 /* Settings.swift in Sources */,
				D87DEFBE257840B1006CFE85 /* Manager.swift in Sources */,
				D8B6D035257E71CD00C7E472 /* QuickLookCoordinator.swift in Sources */,
				D82D012A2657F6D500FD2974 /* TextProvider.swift in Sources */,
				D82D01242657637700FD2974 /* VariableStringView.swift in Sources */,
				D8E7F9EB2599B05300C7409B /* VariableList.swift in Sources */,
				D82D73D728B4C659006F49F1 /* Wizard.swift in Sources */,
				D8FC534A257BB7A4008FB609 /* LocationsSettingsView.swift in Sources */,
				D8D78A922580DD750088890F /* QuickLookPreview.swift in Sources */,
				D8F8BE0C2588179E0010432F /* CloseKey.swift in Sources */,
				D87DEFC4257848B7006CFE85 /* URL.swift in Sources */,
				D82D01262657F66B00FD2974 /* VariableProvider.swift in Sources */,
				D8B657EC2642D2C5009DE837 /* RulesSettingsView.swift in Sources */,
				D8F8BE27258819C80010432F /* DateInstance.swift in Sources */,
				D8E7F9DE2599AFE000C7409B /* RuleDetailView.swift in Sources */,
				D8FC5334257BB6D2008FB609 /* MailboxRow.swift in Sources */,
				D8B6D030257DBB7D00C7E472 /* SelectionModel.swift in Sources */,
				D8B33E872645E445005DA5C2 /* MenuItem.swift in Sources */,
				D8F8BE1D2588192F0010432F /* DetailsPage.swift in Sources */,
				D8B657EE2642D40F009DE837 /* LocationsEditor.swift in Sources */,
			);
			runOnlyForDeploymentPostprocessing = 0;
		};
		D87DEF8925774F6D006CFE85 /* Sources */ = {
			isa = PBXSourcesBuildPhase;
			buildActionMask = 2147483647;
			files = (
				D87DEF9225774F6D006CFE85 /* Document_FinderTests.swift in Sources */,
			);
			runOnlyForDeploymentPostprocessing = 0;
		};
		D87DEF9425774F6D006CFE85 /* Sources */ = {
			isa = PBXSourcesBuildPhase;
			buildActionMask = 2147483647;
			files = (
				D87DEF9D25774F6D006CFE85 /* Document_FinderUITests.swift in Sources */,
			);
			runOnlyForDeploymentPostprocessing = 0;
		};
/* End PBXSourcesBuildPhase section */

/* Begin PBXTargetDependency section */
		D87DEF8F25774F6D006CFE85 /* PBXTargetDependency */ = {
			isa = PBXTargetDependency;
			target = D87DEF7A25774F6C006CFE85 /* Fileaway */;
			targetProxy = D87DEF8E25774F6D006CFE85 /* PBXContainerItemProxy */;
		};
		D87DEF9A25774F6D006CFE85 /* PBXTargetDependency */ = {
			isa = PBXTargetDependency;
			target = D87DEF7A25774F6C006CFE85 /* Fileaway */;
			targetProxy = D87DEF9925774F6D006CFE85 /* PBXContainerItemProxy */;
		};
/* End PBXTargetDependency section */

/* Begin XCBuildConfiguration section */
		D87DEF9F25774F6D006CFE85 /* Debug */ = {
			isa = XCBuildConfiguration;
			buildSettings = {
				ALWAYS_SEARCH_USER_PATHS = NO;
				CLANG_ANALYZER_NONNULL = YES;
				CLANG_ANALYZER_NUMBER_OBJECT_CONVERSION = YES_AGGRESSIVE;
				CLANG_CXX_LANGUAGE_STANDARD = "gnu++14";
				CLANG_CXX_LIBRARY = "libc++";
				CLANG_ENABLE_MODULES = YES;
				CLANG_ENABLE_OBJC_ARC = YES;
				CLANG_ENABLE_OBJC_WEAK = YES;
				CLANG_WARN_BLOCK_CAPTURE_AUTORELEASING = YES;
				CLANG_WARN_BOOL_CONVERSION = YES;
				CLANG_WARN_COMMA = YES;
				CLANG_WARN_CONSTANT_CONVERSION = YES;
				CLANG_WARN_DEPRECATED_OBJC_IMPLEMENTATIONS = YES;
				CLANG_WARN_DIRECT_OBJC_ISA_USAGE = YES_ERROR;
				CLANG_WARN_DOCUMENTATION_COMMENTS = YES;
				CLANG_WARN_EMPTY_BODY = YES;
				CLANG_WARN_ENUM_CONVERSION = YES;
				CLANG_WARN_INFINITE_RECURSION = YES;
				CLANG_WARN_INT_CONVERSION = YES;
				CLANG_WARN_NON_LITERAL_NULL_CONVERSION = YES;
				CLANG_WARN_OBJC_IMPLICIT_RETAIN_SELF = YES;
				CLANG_WARN_OBJC_LITERAL_CONVERSION = YES;
				CLANG_WARN_OBJC_ROOT_CLASS = YES_ERROR;
				CLANG_WARN_QUOTED_INCLUDE_IN_FRAMEWORK_HEADER = YES;
				CLANG_WARN_RANGE_LOOP_ANALYSIS = YES;
				CLANG_WARN_STRICT_PROTOTYPES = YES;
				CLANG_WARN_SUSPICIOUS_MOVE = YES;
				CLANG_WARN_UNGUARDED_AVAILABILITY = YES_AGGRESSIVE;
				CLANG_WARN_UNREACHABLE_CODE = YES;
				CLANG_WARN__DUPLICATE_METHOD_MATCH = YES;
				COPY_PHASE_STRIP = NO;
				DEAD_CODE_STRIPPING = YES;
				DEBUG_INFORMATION_FORMAT = dwarf;
				ENABLE_STRICT_OBJC_MSGSEND = YES;
				ENABLE_TESTABILITY = YES;
				GCC_C_LANGUAGE_STANDARD = gnu11;
				GCC_DYNAMIC_NO_PIC = NO;
				GCC_NO_COMMON_BLOCKS = YES;
				GCC_OPTIMIZATION_LEVEL = 0;
				GCC_PREPROCESSOR_DEFINITIONS = (
					"DEBUG=1",
					"$(inherited)",
				);
				GCC_TREAT_WARNINGS_AS_ERRORS = YES;
				GCC_WARN_64_TO_32_BIT_CONVERSION = YES;
				GCC_WARN_ABOUT_RETURN_TYPE = YES_ERROR;
				GCC_WARN_UNDECLARED_SELECTOR = YES;
				GCC_WARN_UNINITIALIZED_AUTOS = YES_AGGRESSIVE;
				GCC_WARN_UNUSED_FUNCTION = YES;
				GCC_WARN_UNUSED_VARIABLE = YES;
				MACOSX_DEPLOYMENT_TARGET = 13.0;
				MTL_ENABLE_DEBUG_INFO = INCLUDE_SOURCE;
				MTL_FAST_MATH = YES;
				ONLY_ACTIVE_ARCH = YES;
				SDKROOT = macosx;
				SWIFT_ACTIVE_COMPILATION_CONDITIONS = DEBUG;
				SWIFT_OPTIMIZATION_LEVEL = "-Onone";
				SWIFT_TREAT_WARNINGS_AS_ERRORS = YES;
			};
			name = Debug;
		};
		D87DEFA025774F6D006CFE85 /* Release */ = {
			isa = XCBuildConfiguration;
			buildSettings = {
				ALWAYS_SEARCH_USER_PATHS = NO;
				CLANG_ANALYZER_NONNULL = YES;
				CLANG_ANALYZER_NUMBER_OBJECT_CONVERSION = YES_AGGRESSIVE;
				CLANG_CXX_LANGUAGE_STANDARD = "gnu++14";
				CLANG_CXX_LIBRARY = "libc++";
				CLANG_ENABLE_MODULES = YES;
				CLANG_ENABLE_OBJC_ARC = YES;
				CLANG_ENABLE_OBJC_WEAK = YES;
				CLANG_WARN_BLOCK_CAPTURE_AUTORELEASING = YES;
				CLANG_WARN_BOOL_CONVERSION = YES;
				CLANG_WARN_COMMA = YES;
				CLANG_WARN_CONSTANT_CONVERSION = YES;
				CLANG_WARN_DEPRECATED_OBJC_IMPLEMENTATIONS = YES;
				CLANG_WARN_DIRECT_OBJC_ISA_USAGE = YES_ERROR;
				CLANG_WARN_DOCUMENTATION_COMMENTS = YES;
				CLANG_WARN_EMPTY_BODY = YES;
				CLANG_WARN_ENUM_CONVERSION = YES;
				CLANG_WARN_INFINITE_RECURSION = YES;
				CLANG_WARN_INT_CONVERSION = YES;
				CLANG_WARN_NON_LITERAL_NULL_CONVERSION = YES;
				CLANG_WARN_OBJC_IMPLICIT_RETAIN_SELF = YES;
				CLANG_WARN_OBJC_LITERAL_CONVERSION = YES;
				CLANG_WARN_OBJC_ROOT_CLASS = YES_ERROR;
				CLANG_WARN_QUOTED_INCLUDE_IN_FRAMEWORK_HEADER = YES;
				CLANG_WARN_RANGE_LOOP_ANALYSIS = YES;
				CLANG_WARN_STRICT_PROTOTYPES = YES;
				CLANG_WARN_SUSPICIOUS_MOVE = YES;
				CLANG_WARN_UNGUARDED_AVAILABILITY = YES_AGGRESSIVE;
				CLANG_WARN_UNREACHABLE_CODE = YES;
				CLANG_WARN__DUPLICATE_METHOD_MATCH = YES;
				COPY_PHASE_STRIP = NO;
				DEAD_CODE_STRIPPING = YES;
				DEBUG_INFORMATION_FORMAT = "dwarf-with-dsym";
				ENABLE_NS_ASSERTIONS = NO;
				ENABLE_STRICT_OBJC_MSGSEND = YES;
				GCC_C_LANGUAGE_STANDARD = gnu11;
				GCC_NO_COMMON_BLOCKS = YES;
				GCC_TREAT_WARNINGS_AS_ERRORS = YES;
				GCC_WARN_64_TO_32_BIT_CONVERSION = YES;
				GCC_WARN_ABOUT_RETURN_TYPE = YES_ERROR;
				GCC_WARN_UNDECLARED_SELECTOR = YES;
				GCC_WARN_UNINITIALIZED_AUTOS = YES_AGGRESSIVE;
				GCC_WARN_UNUSED_FUNCTION = YES;
				GCC_WARN_UNUSED_VARIABLE = YES;
				MACOSX_DEPLOYMENT_TARGET = 13.0;
				MTL_ENABLE_DEBUG_INFO = NO;
				MTL_FAST_MATH = YES;
				SDKROOT = macosx;
				SWIFT_COMPILATION_MODE = wholemodule;
				SWIFT_OPTIMIZATION_LEVEL = "-O";
				SWIFT_TREAT_WARNINGS_AS_ERRORS = YES;
			};
			name = Release;
		};
		D87DEFA225774F6D006CFE85 /* Debug */ = {
			isa = XCBuildConfiguration;
			buildSettings = {
				ASSETCATALOG_COMPILER_APPICON_NAME = AppIcon;
				ASSETCATALOG_COMPILER_GLOBAL_ACCENT_COLOR_NAME = AccentColor;
				CODE_SIGN_ENTITLEMENTS = Fileaway/Fileaway.entitlements;
				CODE_SIGN_IDENTITY = "Apple Development";
				CODE_SIGN_STYLE = Automatic;
				COMBINE_HIDPI_IMAGES = YES;
				CURRENT_PROJECT_VERSION = 1;
				DEAD_CODE_STRIPPING = YES;
				DEVELOPMENT_ASSET_PATHS = "\"Fileaway/Preview Content\"";
				DEVELOPMENT_TEAM = S4WXAUZQEV;
				ENABLE_HARDENED_RUNTIME = YES;
				ENABLE_PREVIEWS = YES;
				INFOPLIST_FILE = Fileaway/Info.plist;
				LD_RUNPATH_SEARCH_PATHS = (
					"$(inherited)",
					"@executable_path/../Frameworks",
				);
				MARKETING_VERSION = 1.0.0;
				PRODUCT_BUNDLE_IDENTIFIER = uk.co.inseven.fileaway;
				PRODUCT_NAME = "$(TARGET_NAME)";
				PROVISIONING_PROFILE_SPECIFIER = "";
				SWIFT_VERSION = 5.0;
			};
			name = Debug;
		};
		D87DEFA325774F6D006CFE85 /* Release */ = {
			isa = XCBuildConfiguration;
			buildSettings = {
				ASSETCATALOG_COMPILER_APPICON_NAME = AppIcon;
				ASSETCATALOG_COMPILER_GLOBAL_ACCENT_COLOR_NAME = AccentColor;
				CODE_SIGN_ENTITLEMENTS = Fileaway/Fileaway.entitlements;
				CODE_SIGN_IDENTITY = "-";
				CODE_SIGN_STYLE = Manual;
				COMBINE_HIDPI_IMAGES = YES;
				CURRENT_PROJECT_VERSION = 1;
				DEAD_CODE_STRIPPING = YES;
				DEVELOPMENT_ASSET_PATHS = "\"Fileaway/Preview Content\"";
				DEVELOPMENT_TEAM = S4WXAUZQEV;
				ENABLE_HARDENED_RUNTIME = YES;
				ENABLE_PREVIEWS = YES;
				INFOPLIST_FILE = Fileaway/Info.plist;
				LD_RUNPATH_SEARCH_PATHS = (
					"$(inherited)",
					"@executable_path/../Frameworks",
				);
				MARKETING_VERSION = 1.0.0;
				PRODUCT_BUNDLE_IDENTIFIER = uk.co.inseven.fileaway;
				PRODUCT_NAME = "$(TARGET_NAME)";
				PROVISIONING_PROFILE_SPECIFIER = "Fileaway Developer ID Application";
				SWIFT_VERSION = 5.0;
			};
			name = Release;
		};
		D87DEFA525774F6D006CFE85 /* Debug */ = {
			isa = XCBuildConfiguration;
			buildSettings = {
				ALWAYS_EMBED_SWIFT_STANDARD_LIBRARIES = YES;
				ASSETCATALOG_COMPILER_APPICON_NAME = AppIcon;
				BUNDLE_LOADER = "$(TEST_HOST)";
				CODE_SIGN_STYLE = Automatic;
				COMBINE_HIDPI_IMAGES = YES;
				DEAD_CODE_STRIPPING = YES;
				DEVELOPMENT_TEAM = S4WXAUZQEV;
				INFOPLIST_FILE = FileawayTests/Info.plist;
				LD_RUNPATH_SEARCH_PATHS = (
					"$(inherited)",
					"@executable_path/../Frameworks",
					"@loader_path/../Frameworks",
				);
				MARKETING_VERSION = 0.1.1;
				PRODUCT_BUNDLE_IDENTIFIER = "uk.co.inseven.Document-FinderTests";
				PRODUCT_NAME = "$(TARGET_NAME)";
				SWIFT_VERSION = 5.0;
				TEST_HOST = "$(BUILT_PRODUCTS_DIR)/Fileaway.app/Contents/MacOS/Fileaway";
			};
			name = Debug;
		};
		D87DEFA625774F6D006CFE85 /* Release */ = {
			isa = XCBuildConfiguration;
			buildSettings = {
				ALWAYS_EMBED_SWIFT_STANDARD_LIBRARIES = YES;
				ASSETCATALOG_COMPILER_APPICON_NAME = AppIcon;
				BUNDLE_LOADER = "$(TEST_HOST)";
				CODE_SIGN_STYLE = Automatic;
				COMBINE_HIDPI_IMAGES = YES;
				DEAD_CODE_STRIPPING = YES;
				DEVELOPMENT_TEAM = S4WXAUZQEV;
				INFOPLIST_FILE = FileawayTests/Info.plist;
				LD_RUNPATH_SEARCH_PATHS = (
					"$(inherited)",
					"@executable_path/../Frameworks",
					"@loader_path/../Frameworks",
				);
				MARKETING_VERSION = 0.1.1;
				PRODUCT_BUNDLE_IDENTIFIER = "uk.co.inseven.Document-FinderTests";
				PRODUCT_NAME = "$(TARGET_NAME)";
				SWIFT_VERSION = 5.0;
				TEST_HOST = "$(BUILT_PRODUCTS_DIR)/Fileaway.app/Contents/MacOS/Fileaway";
			};
			name = Release;
		};
		D87DEFA825774F6D006CFE85 /* Debug */ = {
			isa = XCBuildConfiguration;
			buildSettings = {
				ALWAYS_EMBED_SWIFT_STANDARD_LIBRARIES = YES;
				CODE_SIGN_STYLE = Automatic;
				COMBINE_HIDPI_IMAGES = YES;
				DEAD_CODE_STRIPPING = YES;
				DEVELOPMENT_TEAM = S4WXAUZQEV;
				INFOPLIST_FILE = FileawayUITests/Info.plist;
				LD_RUNPATH_SEARCH_PATHS = (
					"$(inherited)",
					"@executable_path/../Frameworks",
					"@loader_path/../Frameworks",
				);
				PRODUCT_BUNDLE_IDENTIFIER = "uk.co.inseven.Document-FinderUITests";
				PRODUCT_NAME = "$(TARGET_NAME)";
				SWIFT_VERSION = 5.0;
				TEST_TARGET_NAME = Fileaway;
			};
			name = Debug;
		};
		D87DEFA925774F6D006CFE85 /* Release */ = {
			isa = XCBuildConfiguration;
			buildSettings = {
				ALWAYS_EMBED_SWIFT_STANDARD_LIBRARIES = YES;
				CODE_SIGN_STYLE = Automatic;
				COMBINE_HIDPI_IMAGES = YES;
				DEAD_CODE_STRIPPING = YES;
				DEVELOPMENT_TEAM = S4WXAUZQEV;
				INFOPLIST_FILE = FileawayUITests/Info.plist;
				LD_RUNPATH_SEARCH_PATHS = (
					"$(inherited)",
					"@executable_path/../Frameworks",
					"@loader_path/../Frameworks",
				);
				PRODUCT_BUNDLE_IDENTIFIER = "uk.co.inseven.Document-FinderUITests";
				PRODUCT_NAME = "$(TARGET_NAME)";
				SWIFT_VERSION = 5.0;
				TEST_TARGET_NAME = Fileaway;
			};
			name = Release;
		};
/* End XCBuildConfiguration section */

/* Begin XCConfigurationList section */
		D87DEF7625774F6C006CFE85 /* Build configuration list for PBXProject "Fileaway-macOS" */ = {
			isa = XCConfigurationList;
			buildConfigurations = (
				D87DEF9F25774F6D006CFE85 /* Debug */,
				D87DEFA025774F6D006CFE85 /* Release */,
			);
			defaultConfigurationIsVisible = 0;
			defaultConfigurationName = Release;
		};
		D87DEFA125774F6D006CFE85 /* Build configuration list for PBXNativeTarget "Fileaway" */ = {
			isa = XCConfigurationList;
			buildConfigurations = (
				D87DEFA225774F6D006CFE85 /* Debug */,
				D87DEFA325774F6D006CFE85 /* Release */,
			);
			defaultConfigurationIsVisible = 0;
			defaultConfigurationName = Release;
		};
		D87DEFA425774F6D006CFE85 /* Build configuration list for PBXNativeTarget "FileawayTests" */ = {
			isa = XCConfigurationList;
			buildConfigurations = (
				D87DEFA525774F6D006CFE85 /* Debug */,
				D87DEFA625774F6D006CFE85 /* Release */,
			);
			defaultConfigurationIsVisible = 0;
			defaultConfigurationName = Release;
		};
		D87DEFA725774F6D006CFE85 /* Build configuration list for PBXNativeTarget "FileawayUITests" */ = {
			isa = XCConfigurationList;
			buildConfigurations = (
				D87DEFA825774F6D006CFE85 /* Debug */,
				D87DEFA925774F6D006CFE85 /* Release */,
			);
			defaultConfigurationIsVisible = 0;
			defaultConfigurationName = Release;
		};
/* End XCConfigurationList section */

/* Begin XCRemoteSwiftPackageReference section */
		D8037B102617F8CD00F41971 /* XCRemoteSwiftPackageReference "SwiftUI-Introspect" */ = {
			isa = XCRemoteSwiftPackageReference;
			repositoryURL = "https://github.com/siteline/SwiftUI-Introspect.git";
			requirement = {
				kind = upToNextMajorVersion;
				minimumVersion = 0.1.3;
			};
		};
		D87DEFAD2577E068006CFE85 /* XCRemoteSwiftPackageReference "FSEvents" */ = {
			isa = XCRemoteSwiftPackageReference;
			repositoryURL = "https://github.com/eonil/FSEvents";
			requirement = {
				kind = upToNextMajorVersion;
				minimumVersion = 0.1.7;
			};
		};
/* End XCRemoteSwiftPackageReference section */

/* Begin XCSwiftPackageProductDependency section */
		D8037B112617F8CD00F41971 /* Introspect */ = {
			isa = XCSwiftPackageProductDependency;
			package = D8037B102617F8CD00F41971 /* XCRemoteSwiftPackageReference "SwiftUI-Introspect" */;
			productName = Introspect;
		};
		D87DEFAE2577E068006CFE85 /* EonilFSEvents */ = {
			isa = XCSwiftPackageProductDependency;
			package = D87DEFAD2577E068006CFE85 /* XCRemoteSwiftPackageReference "FSEvents" */;
			productName = EonilFSEvents;
		};
		D88B353A28B6113A000C8910 /* FileawayCore */ = {
			isa = XCSwiftPackageProductDependency;
			productName = FileawayCore;
		};
		D8D275BD28B3865500200A7C /* Diligence */ = {
			isa = XCSwiftPackageProductDependency;
			productName = Diligence;
		};
		D8F90C7225DAA72700F0EFB8 /* Interact */ = {
			isa = XCSwiftPackageProductDependency;
			productName = Interact;
		};
/* End XCSwiftPackageProductDependency section */
	};
	rootObject = D87DEF7325774F6C006CFE85 /* Project object */;
}
