// !$*UTF8*$!
{
	archiveVersion = 1;
	classes = {
	};
	objectVersion = 48;
	objects = {

/* Begin PBXBuildFile section */
		D81C5D91249BE2A70083BD6F /* TaskState.swift in Sources */ = {isa = PBXBuildFile; fileRef = D81C5D90249BE2A70083BD6F /* TaskState.swift */; };
		D81C5D93249BE3710083BD6F /* TasksView.swift in Sources */ = {isa = PBXBuildFile; fileRef = D81C5D92249BE3710083BD6F /* TasksView.swift */; };
		D81C5D95249BE6F40083BD6F /* TaskView.swift in Sources */ = {isa = PBXBuildFile; fileRef = D81C5D94249BE6F40083BD6F /* TaskView.swift */; };
		D81C5D97249BF2410083BD6F /* ComponentState.swift in Sources */ = {isa = PBXBuildFile; fileRef = D81C5D96249BF2410083BD6F /* ComponentState.swift */; };
		D843199F249A85680014CFE9 /* FilePickerSheet.swift in Sources */ = {isa = PBXBuildFile; fileRef = D843199E249A85680014CFE9 /* FilePickerSheet.swift */; };
		D84319A1249AB1EE0014CFE9 /* PDFDocument+Utilities.swift in Sources */ = {isa = PBXBuildFile; fileRef = D84319A0249AB1EE0014CFE9 /* PDFDocument+Utilities.swift */; };
		D84319A3249AB7FE0014CFE9 /* StoryboardIdentifier.swift in Sources */ = {isa = PBXBuildFile; fileRef = D84319A2249AB7FE0014CFE9 /* StoryboardIdentifier.swift */; };
		D84319A5249AB83B0014CFE9 /* String+Utilities.swift in Sources */ = {isa = PBXBuildFile; fileRef = D84319A4249AB83B0014CFE9 /* String+Utilities.swift */; };
		D84319A7249AB8720014CFE9 /* ActionsView.swift in Sources */ = {isa = PBXBuildFile; fileRef = D84319A6249AB8720014CFE9 /* ActionsView.swift */; };
		D84319A9249AB8C70014CFE9 /* ReversePages.swift in Sources */ = {isa = PBXBuildFile; fileRef = D84319A8249AB8C70014CFE9 /* ReversePages.swift */; };
		D84319AB249AB9280014CFE9 /* ActionView.swift in Sources */ = {isa = PBXBuildFile; fileRef = D84319AA249AB9280014CFE9 /* ActionView.swift */; };
		D84319AD249AB97A0014CFE9 /* FilePicker.swift in Sources */ = {isa = PBXBuildFile; fileRef = D84319AC249AB97A0014CFE9 /* FilePicker.swift */; };
		D84319AF249AB9A40014CFE9 /* ActivityIndicator.swift in Sources */ = {isa = PBXBuildFile; fileRef = D84319AE249AB9A40014CFE9 /* ActivityIndicator.swift */; };
		D84319B1249ABA1E0014CFE9 /* Settings.swift in Sources */ = {isa = PBXBuildFile; fileRef = D84319B0249ABA1E0014CFE9 /* Settings.swift */; };
		D84319B3249ABA9A0014CFE9 /* URL+Utilities.swift in Sources */ = {isa = PBXBuildFile; fileRef = D84319B2249ABA9A0014CFE9 /* URL+Utilities.swift */; };
		D84319B5249AC1D60014CFE9 /* Destination.swift in Sources */ = {isa = PBXBuildFile; fileRef = D84319B4249AC1D60014CFE9 /* Destination.swift */; };
		D85D0A10249ADA6700D4B414 /* ReverseTask.swift in Sources */ = {isa = PBXBuildFile; fileRef = D85D0A0F249ADA6700D4B414 /* ReverseTask.swift */; };
		D85D0A12249ADAB400D4B414 /* MergeTask.swift in Sources */ = {isa = PBXBuildFile; fileRef = D85D0A11249ADAB400D4B414 /* MergeTask.swift */; };
		D85D0A14249ADCE900D4B414 /* MergeDocumentsView.swift in Sources */ = {isa = PBXBuildFile; fileRef = D85D0A13249ADCE900D4B414 /* MergeDocumentsView.swift */; };
		D85D0A16249ADFDC00D4B414 /* FakeDuplexTask.swift in Sources */ = {isa = PBXBuildFile; fileRef = D85D0A15249ADFDC00D4B414 /* FakeDuplexTask.swift */; };
		D85D0A18249AE0A000D4B414 /* FakeDuplexView.swift in Sources */ = {isa = PBXBuildFile; fileRef = D85D0A17249AE0A000D4B414 /* FakeDuplexView.swift */; };
		D86A8F13249C12BB00839D1A /* VariableState.swift in Sources */ = {isa = PBXBuildFile; fileRef = D86A8F12249C12BB00839D1A /* VariableState.swift */; };
		D88F3D43216F847D00BFE0F9 /* PickerViewController.swift in Sources */ = {isa = PBXBuildFile; fileRef = D88F3D42216F847D00BFE0F9 /* PickerViewController.swift */; };
		D88F3D4A216F961700BFE0F9 /* PreviewTableViewCell.swift in Sources */ = {isa = PBXBuildFile; fileRef = D88F3D49216F961700BFE0F9 /* PreviewTableViewCell.swift */; };
		D88F3D4C217048B400BFE0F9 /* TypeViewController.swift in Sources */ = {isa = PBXBuildFile; fileRef = D88F3D4B217048B400BFE0F9 /* TypeViewController.swift */; };
		D88F3D4F2170689200BFE0F9 /* TextTableViewCell.swift in Sources */ = {isa = PBXBuildFile; fileRef = D88F3D4E2170689200BFE0F9 /* TextTableViewCell.swift */; };
		D88F3D54217070A400BFE0F9 /* DateTableViewCell.swift in Sources */ = {isa = PBXBuildFile; fileRef = D88F3D53217070A400BFE0F9 /* DateTableViewCell.swift */; };
		D89265842498AC3A00297825 /* ActionsViewController.swift in Sources */ = {isa = PBXBuildFile; fileRef = D89265832498AC3A00297825 /* ActionsViewController.swift */; };
		D89265892498C58C00297825 /* MoveFileViewController.swift in Sources */ = {isa = PBXBuildFile; fileRef = D89265882498C58C00297825 /* MoveFileViewController.swift */; };
		D89941012145E6AE00097F3D /* StorageManager.swift in Sources */ = {isa = PBXBuildFile; fileRef = D89941002145E6AE00097F3D /* StorageManager.swift */; };
		D8B76B3824999EEE005EC4A1 /* FileActionsCore.framework in Frameworks */ = {isa = PBXBuildFile; fileRef = D8B76B3724999EEE005EC4A1 /* FileActionsCore.framework */; };
		D8B76B3924999EF5005EC4A1 /* FileActionsCore.framework in Embed Frameworks */ = {isa = PBXBuildFile; fileRef = D8B76B3724999EEE005EC4A1 /* FileActionsCore.framework */; settings = {ATTRIBUTES = (CodeSignOnCopy, RemoveHeadersOnCopy, ); }; };
		D8CCB8062143672700AC445F /* AppDelegate.swift in Sources */ = {isa = PBXBuildFile; fileRef = D8CCB8052143672700AC445F /* AppDelegate.swift */; };
		D8CCB80B2143672700AC445F /* Main.storyboard in Resources */ = {isa = PBXBuildFile; fileRef = D8CCB8092143672700AC445F /* Main.storyboard */; };
		D8CCB80D2143672700AC445F /* Assets.xcassets in Resources */ = {isa = PBXBuildFile; fileRef = D8CCB80C2143672700AC445F /* Assets.xcassets */; };
		D8CCB8102143672700AC445F /* LaunchScreen.storyboard in Resources */ = {isa = PBXBuildFile; fileRef = D8CCB80E2143672700AC445F /* LaunchScreen.storyboard */; };
		D8CCB81B2143672700AC445F /* FileActionsTests.swift in Sources */ = {isa = PBXBuildFile; fileRef = D8CCB81A2143672700AC445F /* FileActionsTests.swift */; };
		D8CCB8262143672700AC445F /* FileActionsUITests.swift in Sources */ = {isa = PBXBuildFile; fileRef = D8CCB8252143672700AC445F /* FileActionsUITests.swift */; };
		D8CCD293246EDC6A007EF2BB /* SettingsView.swift in Sources */ = {isa = PBXBuildFile; fileRef = D8CCD292246EDC6A007EF2BB /* SettingsView.swift */; };
		EEFF05A221AD1E5A0014C89B /* UIViewController+Alerting.swift in Sources */ = {isa = PBXBuildFile; fileRef = EEFF05A121AD1E5A0014C89B /* UIViewController+Alerting.swift */; };
/* End PBXBuildFile section */

/* Begin PBXContainerItemProxy section */
		D8CCB8172143672700AC445F /* PBXContainerItemProxy */ = {
			isa = PBXContainerItemProxy;
			containerPortal = D8CCB7FA2143672700AC445F /* Project object */;
			proxyType = 1;
			remoteGlobalIDString = D8CCB8012143672700AC445F;
			remoteInfo = Fileaway;
		};
		D8CCB8222143672700AC445F /* PBXContainerItemProxy */ = {
			isa = PBXContainerItemProxy;
			containerPortal = D8CCB7FA2143672700AC445F /* Project object */;
			proxyType = 1;
			remoteGlobalIDString = D8CCB8012143672700AC445F;
			remoteInfo = Fileaway;
		};
/* End PBXContainerItemProxy section */

/* Begin PBXCopyFilesBuildPhase section */
		D807B6952170E677004CECC3 /* Embed Frameworks */ = {
			isa = PBXCopyFilesBuildPhase;
			buildActionMask = 2147483647;
			dstPath = "";
			dstSubfolderSpec = 10;
			files = (
				D8B76B3924999EF5005EC4A1 /* FileActionsCore.framework in Embed Frameworks */,
			);
			name = "Embed Frameworks";
			runOnlyForDeploymentPostprocessing = 0;
		};
/* End PBXCopyFilesBuildPhase section */

/* Begin PBXFileReference section */
		D81C5D90249BE2A70083BD6F /* TaskState.swift */ = {isa = PBXFileReference; lastKnownFileType = sourcecode.swift; path = TaskState.swift; sourceTree = "<group>"; };
		D81C5D92249BE3710083BD6F /* TasksView.swift */ = {isa = PBXFileReference; lastKnownFileType = sourcecode.swift; path = TasksView.swift; sourceTree = "<group>"; };
		D81C5D94249BE6F40083BD6F /* TaskView.swift */ = {isa = PBXFileReference; lastKnownFileType = sourcecode.swift; path = TaskView.swift; sourceTree = "<group>"; };
		D81C5D96249BF2410083BD6F /* ComponentState.swift */ = {isa = PBXFileReference; lastKnownFileType = sourcecode.swift; path = ComponentState.swift; sourceTree = "<group>"; };
		D843199E249A85680014CFE9 /* FilePickerSheet.swift */ = {isa = PBXFileReference; lastKnownFileType = sourcecode.swift; path = FilePickerSheet.swift; sourceTree = "<group>"; };
		D84319A0249AB1EE0014CFE9 /* PDFDocument+Utilities.swift */ = {isa = PBXFileReference; lastKnownFileType = sourcecode.swift; path = "PDFDocument+Utilities.swift"; sourceTree = "<group>"; };
		D84319A2249AB7FE0014CFE9 /* StoryboardIdentifier.swift */ = {isa = PBXFileReference; lastKnownFileType = sourcecode.swift; path = StoryboardIdentifier.swift; sourceTree = "<group>"; };
		D84319A4249AB83B0014CFE9 /* String+Utilities.swift */ = {isa = PBXFileReference; lastKnownFileType = sourcecode.swift; path = "String+Utilities.swift"; sourceTree = "<group>"; };
		D84319A6249AB8720014CFE9 /* ActionsView.swift */ = {isa = PBXFileReference; lastKnownFileType = sourcecode.swift; path = ActionsView.swift; sourceTree = "<group>"; };
		D84319A8249AB8C70014CFE9 /* ReversePages.swift */ = {isa = PBXFileReference; lastKnownFileType = sourcecode.swift; path = ReversePages.swift; sourceTree = "<group>"; };
		D84319AA249AB9280014CFE9 /* ActionView.swift */ = {isa = PBXFileReference; lastKnownFileType = sourcecode.swift; path = ActionView.swift; sourceTree = "<group>"; };
		D84319AC249AB97A0014CFE9 /* FilePicker.swift */ = {isa = PBXFileReference; lastKnownFileType = sourcecode.swift; path = FilePicker.swift; sourceTree = "<group>"; };
		D84319AE249AB9A40014CFE9 /* ActivityIndicator.swift */ = {isa = PBXFileReference; lastKnownFileType = sourcecode.swift; path = ActivityIndicator.swift; sourceTree = "<group>"; };
		D84319B0249ABA1E0014CFE9 /* Settings.swift */ = {isa = PBXFileReference; lastKnownFileType = sourcecode.swift; path = Settings.swift; sourceTree = "<group>"; };
		D84319B2249ABA9A0014CFE9 /* URL+Utilities.swift */ = {isa = PBXFileReference; lastKnownFileType = sourcecode.swift; path = "URL+Utilities.swift"; sourceTree = "<group>"; };
		D84319B4249AC1D60014CFE9 /* Destination.swift */ = {isa = PBXFileReference; lastKnownFileType = sourcecode.swift; path = Destination.swift; sourceTree = "<group>"; };
		D85D0A0F249ADA6700D4B414 /* ReverseTask.swift */ = {isa = PBXFileReference; lastKnownFileType = sourcecode.swift; path = ReverseTask.swift; sourceTree = "<group>"; };
		D85D0A11249ADAB400D4B414 /* MergeTask.swift */ = {isa = PBXFileReference; lastKnownFileType = sourcecode.swift; path = MergeTask.swift; sourceTree = "<group>"; };
		D85D0A13249ADCE900D4B414 /* MergeDocumentsView.swift */ = {isa = PBXFileReference; lastKnownFileType = sourcecode.swift; path = MergeDocumentsView.swift; sourceTree = "<group>"; };
		D85D0A15249ADFDC00D4B414 /* FakeDuplexTask.swift */ = {isa = PBXFileReference; lastKnownFileType = sourcecode.swift; path = FakeDuplexTask.swift; sourceTree = "<group>"; };
		D85D0A17249AE0A000D4B414 /* FakeDuplexView.swift */ = {isa = PBXFileReference; lastKnownFileType = sourcecode.swift; path = FakeDuplexView.swift; sourceTree = "<group>"; };
		D86A8F12249C12BB00839D1A /* VariableState.swift */ = {isa = PBXFileReference; lastKnownFileType = sourcecode.swift; path = VariableState.swift; sourceTree = "<group>"; };
		D88F3D42216F847D00BFE0F9 /* PickerViewController.swift */ = {isa = PBXFileReference; lastKnownFileType = sourcecode.swift; path = PickerViewController.swift; sourceTree = "<group>"; };
		D88F3D49216F961700BFE0F9 /* PreviewTableViewCell.swift */ = {isa = PBXFileReference; lastKnownFileType = sourcecode.swift; path = PreviewTableViewCell.swift; sourceTree = "<group>"; };
		D88F3D4B217048B400BFE0F9 /* TypeViewController.swift */ = {isa = PBXFileReference; lastKnownFileType = sourcecode.swift; path = TypeViewController.swift; sourceTree = "<group>"; };
		D88F3D4E2170689200BFE0F9 /* TextTableViewCell.swift */ = {isa = PBXFileReference; lastKnownFileType = sourcecode.swift; path = TextTableViewCell.swift; sourceTree = "<group>"; };
		D88F3D53217070A400BFE0F9 /* DateTableViewCell.swift */ = {isa = PBXFileReference; lastKnownFileType = sourcecode.swift; path = DateTableViewCell.swift; sourceTree = "<group>"; };
		D89265832498AC3A00297825 /* ActionsViewController.swift */ = {isa = PBXFileReference; lastKnownFileType = sourcecode.swift; path = ActionsViewController.swift; sourceTree = "<group>"; };
		D89265882498C58C00297825 /* MoveFileViewController.swift */ = {isa = PBXFileReference; lastKnownFileType = sourcecode.swift; path = MoveFileViewController.swift; sourceTree = "<group>"; };
		D89941002145E6AE00097F3D /* StorageManager.swift */ = {isa = PBXFileReference; lastKnownFileType = sourcecode.swift; path = StorageManager.swift; sourceTree = "<group>"; };
		D8B76B3724999EEE005EC4A1 /* FileActionsCore.framework */ = {isa = PBXFileReference; explicitFileType = wrapper.framework; path = FileActionsCore.framework; sourceTree = BUILT_PRODUCTS_DIR; };
		D8CCB8022143672700AC445F /* File Actions.app */ = {isa = PBXFileReference; explicitFileType = wrapper.application; includeInIndex = 0; path = "File Actions.app"; sourceTree = BUILT_PRODUCTS_DIR; };
		D8CCB8052143672700AC445F /* AppDelegate.swift */ = {isa = PBXFileReference; lastKnownFileType = sourcecode.swift; path = AppDelegate.swift; sourceTree = "<group>"; };
		D8CCB80A2143672700AC445F /* Base */ = {isa = PBXFileReference; lastKnownFileType = file.storyboard; name = Base; path = Base.lproj/Main.storyboard; sourceTree = "<group>"; };
		D8CCB80C2143672700AC445F /* Assets.xcassets */ = {isa = PBXFileReference; lastKnownFileType = folder.assetcatalog; path = Assets.xcassets; sourceTree = "<group>"; };
		D8CCB80F2143672700AC445F /* Base */ = {isa = PBXFileReference; lastKnownFileType = file.storyboard; name = Base; path = Base.lproj/LaunchScreen.storyboard; sourceTree = "<group>"; };
		D8CCB8112143672700AC445F /* Info.plist */ = {isa = PBXFileReference; lastKnownFileType = text.plist.xml; path = Info.plist; sourceTree = "<group>"; };
		D8CCB8162143672700AC445F /* FileActionsTests.xctest */ = {isa = PBXFileReference; explicitFileType = wrapper.cfbundle; includeInIndex = 0; path = FileActionsTests.xctest; sourceTree = BUILT_PRODUCTS_DIR; };
		D8CCB81A2143672700AC445F /* FileActionsTests.swift */ = {isa = PBXFileReference; lastKnownFileType = sourcecode.swift; path = FileActionsTests.swift; sourceTree = "<group>"; };
		D8CCB81C2143672700AC445F /* Info.plist */ = {isa = PBXFileReference; lastKnownFileType = text.plist.xml; path = Info.plist; sourceTree = "<group>"; };
		D8CCB8212143672700AC445F /* FileActionsUITests.xctest */ = {isa = PBXFileReference; explicitFileType = wrapper.cfbundle; includeInIndex = 0; path = FileActionsUITests.xctest; sourceTree = BUILT_PRODUCTS_DIR; };
		D8CCB8252143672700AC445F /* FileActionsUITests.swift */ = {isa = PBXFileReference; lastKnownFileType = sourcecode.swift; path = FileActionsUITests.swift; sourceTree = "<group>"; };
		D8CCB8272143672700AC445F /* Info.plist */ = {isa = PBXFileReference; lastKnownFileType = text.plist.xml; path = Info.plist; sourceTree = "<group>"; };
		D8CCD292246EDC6A007EF2BB /* SettingsView.swift */ = {isa = PBXFileReference; lastKnownFileType = sourcecode.swift; path = SettingsView.swift; sourceTree = "<group>"; };
		EEFF05A121AD1E5A0014C89B /* UIViewController+Alerting.swift */ = {isa = PBXFileReference; lastKnownFileType = sourcecode.swift; path = "UIViewController+Alerting.swift"; sourceTree = "<group>"; };
/* End PBXFileReference section */

/* Begin PBXFrameworksBuildPhase section */
		D8CCB7FF2143672700AC445F /* Frameworks */ = {
			isa = PBXFrameworksBuildPhase;
			buildActionMask = 2147483647;
			files = (
				D8B76B3824999EEE005EC4A1 /* FileActionsCore.framework in Frameworks */,
			);
			runOnlyForDeploymentPostprocessing = 0;
		};
		D8CCB8132143672700AC445F /* Frameworks */ = {
			isa = PBXFrameworksBuildPhase;
			buildActionMask = 2147483647;
			files = (
			);
			runOnlyForDeploymentPostprocessing = 0;
		};
		D8CCB81E2143672700AC445F /* Frameworks */ = {
			isa = PBXFrameworksBuildPhase;
			buildActionMask = 2147483647;
			files = (
			);
			runOnlyForDeploymentPostprocessing = 0;
		};
/* End PBXFrameworksBuildPhase section */

/* Begin PBXGroup section */
		D81C5D8F249BDD3C0083BD6F /* Interface */ = {
			isa = PBXGroup;
			children = (
				D84319A6249AB8720014CFE9 /* ActionsView.swift */,
				D84319AA249AB9280014CFE9 /* ActionView.swift */,
				D85D0A17249AE0A000D4B414 /* FakeDuplexView.swift */,
				D84319AC249AB97A0014CFE9 /* FilePicker.swift */,
				D843199E249A85680014CFE9 /* FilePickerSheet.swift */,
				D85D0A13249ADCE900D4B414 /* MergeDocumentsView.swift */,
				D84319A8249AB8C70014CFE9 /* ReversePages.swift */,
				D8CCD292246EDC6A007EF2BB /* SettingsView.swift */,
				D81C5D92249BE3710083BD6F /* TasksView.swift */,
				D81C5D94249BE6F40083BD6F /* TaskView.swift */,
			);
			path = Interface;
			sourceTree = "<group>";
		};
		D81C5D98249BF2560083BD6F /* State */ = {
			isa = PBXGroup;
			children = (
				D81C5D96249BF2410083BD6F /* ComponentState.swift */,
				D81C5D90249BE2A70083BD6F /* TaskState.swift */,
				D86A8F12249C12BB00839D1A /* VariableState.swift */,
			);
			path = State;
			sourceTree = "<group>";
		};
		D890DD3D216F16C300922453 /* Resources */ = {
			isa = PBXGroup;
			children = (
			);
			path = Resources;
			sourceTree = "<group>";
		};
		D8BCA522216F069B002A624D /* Frameworks */ = {
			isa = PBXGroup;
			children = (
				D8B76B3724999EEE005EC4A1 /* FileActionsCore.framework */,
			);
			name = Frameworks;
			sourceTree = "<group>";
		};
		D8CCB7F92143672700AC445F = {
			isa = PBXGroup;
			children = (
				D8CCB8042143672700AC445F /* FileActions */,
				D8CCB8192143672700AC445F /* FileActionsTests */,
				D8CCB8242143672700AC445F /* FileActionsUITests */,
				D890DD3D216F16C300922453 /* Resources */,
				D8CCB8032143672700AC445F /* Products */,
				D8BCA522216F069B002A624D /* Frameworks */,
			);
			sourceTree = "<group>";
		};
		D8CCB8032143672700AC445F /* Products */ = {
			isa = PBXGroup;
			children = (
				D8CCB8022143672700AC445F /* File Actions.app */,
				D8CCB8162143672700AC445F /* FileActionsTests.xctest */,
				D8CCB8212143672700AC445F /* FileActionsUITests.xctest */,
			);
			name = Products;
			sourceTree = "<group>";
		};
		D8CCB8042143672700AC445F /* FileActions */ = {
			isa = PBXGroup;
			children = (
				D8CCB8112143672700AC445F /* Info.plist */,
				D89265832498AC3A00297825 /* ActionsViewController.swift */,
				D84319AE249AB9A40014CFE9 /* ActivityIndicator.swift */,
				D8CCB8052143672700AC445F /* AppDelegate.swift */,
				D88F3D53217070A400BFE0F9 /* DateTableViewCell.swift */,
				D84319B4249AC1D60014CFE9 /* Destination.swift */,
				D85D0A15249ADFDC00D4B414 /* FakeDuplexTask.swift */,
				D85D0A11249ADAB400D4B414 /* MergeTask.swift */,
				D89265882498C58C00297825 /* MoveFileViewController.swift */,
				D84319A0249AB1EE0014CFE9 /* PDFDocument+Utilities.swift */,
				D88F3D42216F847D00BFE0F9 /* PickerViewController.swift */,
				D88F3D49216F961700BFE0F9 /* PreviewTableViewCell.swift */,
				D85D0A0F249ADA6700D4B414 /* ReverseTask.swift */,
				D84319B0249ABA1E0014CFE9 /* Settings.swift */,
				D89941002145E6AE00097F3D /* StorageManager.swift */,
				D84319A2249AB7FE0014CFE9 /* StoryboardIdentifier.swift */,
				D84319A4249AB83B0014CFE9 /* String+Utilities.swift */,
				D88F3D4E2170689200BFE0F9 /* TextTableViewCell.swift */,
				D88F3D4B217048B400BFE0F9 /* TypeViewController.swift */,
				EEFF05A121AD1E5A0014C89B /* UIViewController+Alerting.swift */,
				D84319B2249ABA9A0014CFE9 /* URL+Utilities.swift */,
				D8CCB80C2143672700AC445F /* Assets.xcassets */,
				D81C5D8F249BDD3C0083BD6F /* Interface */,
				D8CCB80E2143672700AC445F /* LaunchScreen.storyboard */,
				D8CCB8092143672700AC445F /* Main.storyboard */,
				D81C5D98249BF2560083BD6F /* State */,
			);
			path = FileActions;
			sourceTree = "<group>";
		};
		D8CCB8192143672700AC445F /* FileActionsTests */ = {
			isa = PBXGroup;
			children = (
				D8CCB81A2143672700AC445F /* FileActionsTests.swift */,
				D8CCB81C2143672700AC445F /* Info.plist */,
			);
			path = FileActionsTests;
			sourceTree = "<group>";
		};
		D8CCB8242143672700AC445F /* FileActionsUITests */ = {
			isa = PBXGroup;
			children = (
				D8CCB8252143672700AC445F /* FileActionsUITests.swift */,
				D8CCB8272143672700AC445F /* Info.plist */,
			);
			path = FileActionsUITests;
			sourceTree = "<group>";
		};
/* End PBXGroup section */

/* Begin PBXNativeTarget section */
		D8CCB8012143672700AC445F /* File Actions */ = {
			isa = PBXNativeTarget;
			buildConfigurationList = D8CCB82A2143672700AC445F /* Build configuration list for PBXNativeTarget "File Actions" */;
			buildPhases = (
				D8CCB7FE2143672700AC445F /* Sources */,
				D8CCB7FF2143672700AC445F /* Frameworks */,
				D8CCB8002143672700AC445F /* Resources */,
				D807B6952170E677004CECC3 /* Embed Frameworks */,
			);
			buildRules = (
			);
			dependencies = (
			);
			name = "File Actions";
			productName = Fileaway;
			productReference = D8CCB8022143672700AC445F /* File Actions.app */;
			productType = "com.apple.product-type.application";
		};
		D8CCB8152143672700AC445F /* FileActionsTests */ = {
			isa = PBXNativeTarget;
			buildConfigurationList = D8CCB82D2143672700AC445F /* Build configuration list for PBXNativeTarget "FileActionsTests" */;
			buildPhases = (
				D8CCB8122143672700AC445F /* Sources */,
				D8CCB8132143672700AC445F /* Frameworks */,
				D8CCB8142143672700AC445F /* Resources */,
			);
			buildRules = (
			);
			dependencies = (
				D8CCB8182143672700AC445F /* PBXTargetDependency */,
			);
			name = FileActionsTests;
			productName = FileawayTests;
			productReference = D8CCB8162143672700AC445F /* FileActionsTests.xctest */;
			productType = "com.apple.product-type.bundle.unit-test";
		};
		D8CCB8202143672700AC445F /* FileActionsUITests */ = {
			isa = PBXNativeTarget;
			buildConfigurationList = D8CCB8302143672700AC445F /* Build configuration list for PBXNativeTarget "FileActionsUITests" */;
			buildPhases = (
				D8CCB81D2143672700AC445F /* Sources */,
				D8CCB81E2143672700AC445F /* Frameworks */,
				D8CCB81F2143672700AC445F /* Resources */,
			);
			buildRules = (
			);
			dependencies = (
				D8CCB8232143672700AC445F /* PBXTargetDependency */,
			);
			name = FileActionsUITests;
			productName = FileawayUITests;
			productReference = D8CCB8212143672700AC445F /* FileActionsUITests.xctest */;
			productType = "com.apple.product-type.bundle.ui-testing";
		};
/* End PBXNativeTarget section */

/* Begin PBXProject section */
		D8CCB7FA2143672700AC445F /* Project object */ = {
			isa = PBXProject;
			attributes = {
				LastSwiftUpdateCheck = 0900;
				LastUpgradeCheck = 1000;
				ORGANIZATIONNAME = "InSeven Limited";
				TargetAttributes = {
					D8CCB8012143672700AC445F = {
						CreatedOnToolsVersion = 9.0;
						ProvisioningStyle = Automatic;
					};
					D8CCB8152143672700AC445F = {
						CreatedOnToolsVersion = 9.0;
						ProvisioningStyle = Automatic;
						TestTargetID = D8CCB8012143672700AC445F;
					};
					D8CCB8202143672700AC445F = {
						CreatedOnToolsVersion = 9.0;
						ProvisioningStyle = Automatic;
						TestTargetID = D8CCB8012143672700AC445F;
					};
				};
			};
			buildConfigurationList = D8CCB7FD2143672700AC445F /* Build configuration list for PBXProject "FileActions-iOS" */;
			compatibilityVersion = "Xcode 8.0";
			developmentRegion = en;
			hasScannedForEncodings = 0;
			knownRegions = (
				en,
				Base,
			);
			mainGroup = D8CCB7F92143672700AC445F;
			productRefGroup = D8CCB8032143672700AC445F /* Products */;
			projectDirPath = "";
			projectRoot = "";
			targets = (
				D8CCB8012143672700AC445F /* File Actions */,
				D8CCB8152143672700AC445F /* FileActionsTests */,
				D8CCB8202143672700AC445F /* FileActionsUITests */,
			);
		};
/* End PBXProject section */

/* Begin PBXResourcesBuildPhase section */
		D8CCB8002143672700AC445F /* Resources */ = {
			isa = PBXResourcesBuildPhase;
			buildActionMask = 2147483647;
			files = (
				D8CCB8102143672700AC445F /* LaunchScreen.storyboard in Resources */,
				D8CCB80D2143672700AC445F /* Assets.xcassets in Resources */,
				D8CCB80B2143672700AC445F /* Main.storyboard in Resources */,
			);
			runOnlyForDeploymentPostprocessing = 0;
		};
		D8CCB8142143672700AC445F /* Resources */ = {
			isa = PBXResourcesBuildPhase;
			buildActionMask = 2147483647;
			files = (
			);
			runOnlyForDeploymentPostprocessing = 0;
		};
		D8CCB81F2143672700AC445F /* Resources */ = {
			isa = PBXResourcesBuildPhase;
			buildActionMask = 2147483647;
			files = (
			);
			runOnlyForDeploymentPostprocessing = 0;
		};
/* End PBXResourcesBuildPhase section */

/* Begin PBXSourcesBuildPhase section */
		D8CCB7FE2143672700AC445F /* Sources */ = {
			isa = PBXSourcesBuildPhase;
			buildActionMask = 2147483647;
			files = (
				D85D0A14249ADCE900D4B414 /* MergeDocumentsView.swift in Sources */,
				D84319A7249AB8720014CFE9 /* ActionsView.swift in Sources */,
				D843199F249A85680014CFE9 /* FilePickerSheet.swift in Sources */,
				D81C5D97249BF2410083BD6F /* ComponentState.swift in Sources */,
				D88F3D4C217048B400BFE0F9 /* TypeViewController.swift in Sources */,
				D88F3D4F2170689200BFE0F9 /* TextTableViewCell.swift in Sources */,
				D84319AF249AB9A40014CFE9 /* ActivityIndicator.swift in Sources */,
				D84319B3249ABA9A0014CFE9 /* URL+Utilities.swift in Sources */,
				D89941012145E6AE00097F3D /* StorageManager.swift in Sources */,
				D88F3D54217070A400BFE0F9 /* DateTableViewCell.swift in Sources */,
				EEFF05A221AD1E5A0014C89B /* UIViewController+Alerting.swift in Sources */,
				D81C5D91249BE2A70083BD6F /* TaskState.swift in Sources */,
				D84319A3249AB7FE0014CFE9 /* StoryboardIdentifier.swift in Sources */,
				D86A8F13249C12BB00839D1A /* VariableState.swift in Sources */,
				D81C5D95249BE6F40083BD6F /* TaskView.swift in Sources */,
				D89265842498AC3A00297825 /* ActionsViewController.swift in Sources */,
				D8CCD293246EDC6A007EF2BB /* SettingsView.swift in Sources */,
				D88F3D43216F847D00BFE0F9 /* PickerViewController.swift in Sources */,
				D84319B5249AC1D60014CFE9 /* Destination.swift in Sources */,
				D88F3D4A216F961700BFE0F9 /* PreviewTableViewCell.swift in Sources */,
				D84319AB249AB9280014CFE9 /* ActionView.swift in Sources */,
				D8CCB8062143672700AC445F /* AppDelegate.swift in Sources */,
				D81C5D93249BE3710083BD6F /* TasksView.swift in Sources */,
				D84319A1249AB1EE0014CFE9 /* PDFDocument+Utilities.swift in Sources */,
				D84319A9249AB8C70014CFE9 /* ReversePages.swift in Sources */,
				D85D0A10249ADA6700D4B414 /* ReverseTask.swift in Sources */,
				D85D0A12249ADAB400D4B414 /* MergeTask.swift in Sources */,
				D84319AD249AB97A0014CFE9 /* FilePicker.swift in Sources */,
				D85D0A18249AE0A000D4B414 /* FakeDuplexView.swift in Sources */,
				D89265892498C58C00297825 /* MoveFileViewController.swift in Sources */,
				D84319B1249ABA1E0014CFE9 /* Settings.swift in Sources */,
				D85D0A16249ADFDC00D4B414 /* FakeDuplexTask.swift in Sources */,
				D84319A5249AB83B0014CFE9 /* String+Utilities.swift in Sources */,
			);
			runOnlyForDeploymentPostprocessing = 0;
		};
		D8CCB8122143672700AC445F /* Sources */ = {
			isa = PBXSourcesBuildPhase;
			buildActionMask = 2147483647;
			files = (
				D8CCB81B2143672700AC445F /* FileActionsTests.swift in Sources */,
			);
			runOnlyForDeploymentPostprocessing = 0;
		};
		D8CCB81D2143672700AC445F /* Sources */ = {
			isa = PBXSourcesBuildPhase;
			buildActionMask = 2147483647;
			files = (
				D8CCB8262143672700AC445F /* FileActionsUITests.swift in Sources */,
			);
			runOnlyForDeploymentPostprocessing = 0;
		};
/* End PBXSourcesBuildPhase section */

/* Begin PBXTargetDependency section */
		D8CCB8182143672700AC445F /* PBXTargetDependency */ = {
			isa = PBXTargetDependency;
			target = D8CCB8012143672700AC445F /* File Actions */;
			targetProxy = D8CCB8172143672700AC445F /* PBXContainerItemProxy */;
		};
		D8CCB8232143672700AC445F /* PBXTargetDependency */ = {
			isa = PBXTargetDependency;
			target = D8CCB8012143672700AC445F /* File Actions */;
			targetProxy = D8CCB8222143672700AC445F /* PBXContainerItemProxy */;
		};
/* End PBXTargetDependency section */

/* Begin PBXVariantGroup section */
		D8CCB8092143672700AC445F /* Main.storyboard */ = {
			isa = PBXVariantGroup;
			children = (
				D8CCB80A2143672700AC445F /* Base */,
			);
			name = Main.storyboard;
			sourceTree = "<group>";
		};
		D8CCB80E2143672700AC445F /* LaunchScreen.storyboard */ = {
			isa = PBXVariantGroup;
			children = (
				D8CCB80F2143672700AC445F /* Base */,
			);
			name = LaunchScreen.storyboard;
			sourceTree = "<group>";
		};
/* End PBXVariantGroup section */

/* Begin XCBuildConfiguration section */
		D8CCB8282143672700AC445F /* Debug */ = {
			isa = XCBuildConfiguration;
			buildSettings = {
				ALWAYS_SEARCH_USER_PATHS = NO;
				CLANG_ANALYZER_NONNULL = YES;
				CLANG_ANALYZER_NUMBER_OBJECT_CONVERSION = YES_AGGRESSIVE;
				CLANG_CXX_LANGUAGE_STANDARD = "gnu++14";
				CLANG_CXX_LIBRARY = "libc++";
				CLANG_ENABLE_MODULES = YES;
				CLANG_ENABLE_OBJC_ARC = YES;
				CLANG_WARN_BLOCK_CAPTURE_AUTORELEASING = YES;
				CLANG_WARN_BOOL_CONVERSION = YES;
				CLANG_WARN_COMMA = YES;
				CLANG_WARN_CONSTANT_CONVERSION = YES;
				CLANG_WARN_DEPRECATED_OBJC_IMPLEMENTATIONS = YES;
				CLANG_WARN_DIRECT_OBJC_ISA_USAGE = YES_ERROR;
				CLANG_WARN_DOCUMENTATION_COMMENTS = YES;
				CLANG_WARN_EMPTY_BODY = YES;
				CLANG_WARN_ENUM_CONVERSION = YES;
				CLANG_WARN_INFINITE_RECURSION = YES;
				CLANG_WARN_INT_CONVERSION = YES;
				CLANG_WARN_NON_LITERAL_NULL_CONVERSION = YES;
				CLANG_WARN_OBJC_IMPLICIT_RETAIN_SELF = YES;
				CLANG_WARN_OBJC_LITERAL_CONVERSION = YES;
				CLANG_WARN_OBJC_ROOT_CLASS = YES_ERROR;
				CLANG_WARN_RANGE_LOOP_ANALYSIS = YES;
				CLANG_WARN_STRICT_PROTOTYPES = YES;
				CLANG_WARN_SUSPICIOUS_MOVE = YES;
				CLANG_WARN_UNGUARDED_AVAILABILITY = YES_AGGRESSIVE;
				CLANG_WARN_UNREACHABLE_CODE = YES;
				CLANG_WARN__DUPLICATE_METHOD_MATCH = YES;
				CODE_SIGN_IDENTITY = "iPhone Developer";
				COPY_PHASE_STRIP = NO;
				DEBUG_INFORMATION_FORMAT = dwarf;
				ENABLE_STRICT_OBJC_MSGSEND = YES;
				ENABLE_TESTABILITY = YES;
				GCC_C_LANGUAGE_STANDARD = gnu11;
				GCC_DYNAMIC_NO_PIC = NO;
				GCC_NO_COMMON_BLOCKS = YES;
				GCC_OPTIMIZATION_LEVEL = 0;
				GCC_PREPROCESSOR_DEFINITIONS = (
					"DEBUG=1",
					"$(inherited)",
				);
				GCC_WARN_64_TO_32_BIT_CONVERSION = YES;
				GCC_WARN_ABOUT_RETURN_TYPE = YES_ERROR;
				GCC_WARN_UNDECLARED_SELECTOR = YES;
				GCC_WARN_UNINITIALIZED_AUTOS = YES_AGGRESSIVE;
				GCC_WARN_UNUSED_FUNCTION = YES;
				GCC_WARN_UNUSED_VARIABLE = YES;
				IPHONEOS_DEPLOYMENT_TARGET = 13.2;
				MTL_ENABLE_DEBUG_INFO = YES;
				ONLY_ACTIVE_ARCH = YES;
				SDKROOT = iphoneos;
				SWIFT_ACTIVE_COMPILATION_CONDITIONS = DEBUG;
				SWIFT_OPTIMIZATION_LEVEL = "-Onone";
			};
			name = Debug;
		};
		D8CCB8292143672700AC445F /* Release */ = {
			isa = XCBuildConfiguration;
			buildSettings = {
				ALWAYS_SEARCH_USER_PATHS = NO;
				CLANG_ANALYZER_NONNULL = YES;
				CLANG_ANALYZER_NUMBER_OBJECT_CONVERSION = YES_AGGRESSIVE;
				CLANG_CXX_LANGUAGE_STANDARD = "gnu++14";
				CLANG_CXX_LIBRARY = "libc++";
				CLANG_ENABLE_MODULES = YES;
				CLANG_ENABLE_OBJC_ARC = YES;
				CLANG_WARN_BLOCK_CAPTURE_AUTORELEASING = YES;
				CLANG_WARN_BOOL_CONVERSION = YES;
				CLANG_WARN_COMMA = YES;
				CLANG_WARN_CONSTANT_CONVERSION = YES;
				CLANG_WARN_DEPRECATED_OBJC_IMPLEMENTATIONS = YES;
				CLANG_WARN_DIRECT_OBJC_ISA_USAGE = YES_ERROR;
				CLANG_WARN_DOCUMENTATION_COMMENTS = YES;
				CLANG_WARN_EMPTY_BODY = YES;
				CLANG_WARN_ENUM_CONVERSION = YES;
				CLANG_WARN_INFINITE_RECURSION = YES;
				CLANG_WARN_INT_CONVERSION = YES;
				CLANG_WARN_NON_LITERAL_NULL_CONVERSION = YES;
				CLANG_WARN_OBJC_IMPLICIT_RETAIN_SELF = YES;
				CLANG_WARN_OBJC_LITERAL_CONVERSION = YES;
				CLANG_WARN_OBJC_ROOT_CLASS = YES_ERROR;
				CLANG_WARN_RANGE_LOOP_ANALYSIS = YES;
				CLANG_WARN_STRICT_PROTOTYPES = YES;
				CLANG_WARN_SUSPICIOUS_MOVE = YES;
				CLANG_WARN_UNGUARDED_AVAILABILITY = YES_AGGRESSIVE;
				CLANG_WARN_UNREACHABLE_CODE = YES;
				CLANG_WARN__DUPLICATE_METHOD_MATCH = YES;
				CODE_SIGN_IDENTITY = "iPhone Developer";
				COPY_PHASE_STRIP = NO;
				DEBUG_INFORMATION_FORMAT = "dwarf-with-dsym";
				ENABLE_NS_ASSERTIONS = NO;
				ENABLE_STRICT_OBJC_MSGSEND = YES;
				GCC_C_LANGUAGE_STANDARD = gnu11;
				GCC_NO_COMMON_BLOCKS = YES;
				GCC_WARN_64_TO_32_BIT_CONVERSION = YES;
				GCC_WARN_ABOUT_RETURN_TYPE = YES_ERROR;
				GCC_WARN_UNDECLARED_SELECTOR = YES;
				GCC_WARN_UNINITIALIZED_AUTOS = YES_AGGRESSIVE;
				GCC_WARN_UNUSED_FUNCTION = YES;
				GCC_WARN_UNUSED_VARIABLE = YES;
				IPHONEOS_DEPLOYMENT_TARGET = 13.2;
				MTL_ENABLE_DEBUG_INFO = NO;
				SDKROOT = iphoneos;
				SWIFT_OPTIMIZATION_LEVEL = "-Owholemodule";
				VALIDATE_PRODUCT = YES;
			};
			name = Release;
		};
		D8CCB82B2143672700AC445F /* Debug */ = {
			isa = XCBuildConfiguration;
			buildSettings = {
				ALWAYS_EMBED_SWIFT_STANDARD_LIBRARIES = YES;
				ASSETCATALOG_COMPILER_APPICON_NAME = AppIcon;
				CODE_SIGN_STYLE = Automatic;
				CURRENT_PROJECT_VERSION = 16;
				DEVELOPMENT_TEAM = S4WXAUZQEV;
				INFOPLIST_FILE = FileActions/Info.plist;
				LD_RUNPATH_SEARCH_PATHS = "$(inherited) @executable_path/Frameworks";
				PRODUCT_BUNDLE_IDENTIFIER = "uk.co.inseven.file-actions";
				PRODUCT_NAME = "File Actions";
				SWIFT_VERSION = 4.0;
				TARGETED_DEVICE_FAMILY = "1,2";
			};
			name = Debug;
		};
		D8CCB82C2143672700AC445F /* Release */ = {
			isa = XCBuildConfiguration;
			buildSettings = {
				ALWAYS_EMBED_SWIFT_STANDARD_LIBRARIES = YES;
				ASSETCATALOG_COMPILER_APPICON_NAME = AppIcon;
				CODE_SIGN_STYLE = Automatic;
				CURRENT_PROJECT_VERSION = 16;
				DEVELOPMENT_TEAM = S4WXAUZQEV;
				INFOPLIST_FILE = FileActions/Info.plist;
				LD_RUNPATH_SEARCH_PATHS = "$(inherited) @executable_path/Frameworks";
				PRODUCT_BUNDLE_IDENTIFIER = "uk.co.inseven.file-actions";
				PRODUCT_NAME = "File Actions";
				SWIFT_VERSION = 4.0;
				TARGETED_DEVICE_FAMILY = "1,2";
			};
			name = Release;
		};
		D8CCB82E2143672700AC445F /* Debug */ = {
			isa = XCBuildConfiguration;
			buildSettings = {
				ALWAYS_EMBED_SWIFT_STANDARD_LIBRARIES = YES;
				BUNDLE_LOADER = "$(TEST_HOST)";
				CODE_SIGN_STYLE = Automatic;
				DEVELOPMENT_TEAM = S4WXAUZQEV;
				INFOPLIST_FILE = FileActionsTests/Info.plist;
				LD_RUNPATH_SEARCH_PATHS = "$(inherited) @executable_path/Frameworks @loader_path/Frameworks";
				PRODUCT_BUNDLE_IDENTIFIER = uk.co.inseven.FileActionsTests;
				PRODUCT_NAME = "$(TARGET_NAME)";
				SWIFT_VERSION = 4.0;
				TARGETED_DEVICE_FAMILY = "1,2";
				TEST_HOST = "$(BUILT_PRODUCTS_DIR)/File Actions.app/File Actions";
			};
			name = Debug;
		};
		D8CCB82F2143672700AC445F /* Release */ = {
			isa = XCBuildConfiguration;
			buildSettings = {
				ALWAYS_EMBED_SWIFT_STANDARD_LIBRARIES = YES;
				BUNDLE_LOADER = "$(TEST_HOST)";
				CODE_SIGN_STYLE = Automatic;
				DEVELOPMENT_TEAM = S4WXAUZQEV;
				INFOPLIST_FILE = FileActionsTests/Info.plist;
				LD_RUNPATH_SEARCH_PATHS = "$(inherited) @executable_path/Frameworks @loader_path/Frameworks";
				PRODUCT_BUNDLE_IDENTIFIER = uk.co.inseven.FileActionsTests;
				PRODUCT_NAME = "$(TARGET_NAME)";
				SWIFT_VERSION = 4.0;
				TARGETED_DEVICE_FAMILY = "1,2";
				TEST_HOST = "$(BUILT_PRODUCTS_DIR)/File Actions.app/File Actions";
			};
			name = Release;
		};
		D8CCB8312143672700AC445F /* Debug */ = {
			isa = XCBuildConfiguration;
			buildSettings = {
				ALWAYS_EMBED_SWIFT_STANDARD_LIBRARIES = YES;
				CODE_SIGN_STYLE = Automatic;
				DEVELOPMENT_TEAM = S4WXAUZQEV;
				INFOPLIST_FILE = FileActionsUITests/Info.plist;
				LD_RUNPATH_SEARCH_PATHS = "$(inherited) @executable_path/Frameworks @loader_path/Frameworks";
				PRODUCT_BUNDLE_IDENTIFIER = uk.co.inseven.FileActionsUITests;
				PRODUCT_NAME = "$(TARGET_NAME)";
				SWIFT_VERSION = 4.0;
				TARGETED_DEVICE_FAMILY = "1,2";
				TEST_TARGET_NAME = "File Actions";
			};
			name = Debug;
		};
		D8CCB8322143672700AC445F /* Release */ = {
			isa = XCBuildConfiguration;
			buildSettings = {
				ALWAYS_EMBED_SWIFT_STANDARD_LIBRARIES = YES;
				CODE_SIGN_STYLE = Automatic;
				DEVELOPMENT_TEAM = S4WXAUZQEV;
				INFOPLIST_FILE = FileActionsUITests/Info.plist;
				LD_RUNPATH_SEARCH_PATHS = "$(inherited) @executable_path/Frameworks @loader_path/Frameworks";
				PRODUCT_BUNDLE_IDENTIFIER = uk.co.inseven.FileActionsUITests;
				PRODUCT_NAME = "$(TARGET_NAME)";
				SWIFT_VERSION = 4.0;
				TARGETED_DEVICE_FAMILY = "1,2";
				TEST_TARGET_NAME = "File Actions";
			};
			name = Release;
		};
/* End XCBuildConfiguration section */

/* Begin XCConfigurationList section */
		D8CCB7FD2143672700AC445F /* Build configuration list for PBXProject "FileActions-iOS" */ = {
			isa = XCConfigurationList;
			buildConfigurations = (
				D8CCB8282143672700AC445F /* Debug */,
				D8CCB8292143672700AC445F /* Release */,
			);
			defaultConfigurationIsVisible = 0;
			defaultConfigurationName = Release;
		};
		D8CCB82A2143672700AC445F /* Build configuration list for PBXNativeTarget "File Actions" */ = {
			isa = XCConfigurationList;
			buildConfigurations = (
				D8CCB82B2143672700AC445F /* Debug */,
				D8CCB82C2143672700AC445F /* Release */,
			);
			defaultConfigurationIsVisible = 0;
			defaultConfigurationName = Release;
		};
		D8CCB82D2143672700AC445F /* Build configuration list for PBXNativeTarget "FileActionsTests" */ = {
			isa = XCConfigurationList;
			buildConfigurations = (
				D8CCB82E2143672700AC445F /* Debug */,
				D8CCB82F2143672700AC445F /* Release */,
			);
			defaultConfigurationIsVisible = 0;
			defaultConfigurationName = Release;
		};
		D8CCB8302143672700AC445F /* Build configuration list for PBXNativeTarget "FileActionsUITests" */ = {
			isa = XCConfigurationList;
			buildConfigurations = (
				D8CCB8312143672700AC445F /* Debug */,
				D8CCB8322143672700AC445F /* Release */,
			);
			defaultConfigurationIsVisible = 0;
			defaultConfigurationName = Release;
		};
/* End XCConfigurationList section */
	};
	rootObject = D8CCB7FA2143672700AC445F /* Project object */;
}
