// !$*UTF8*$!
{
	archiveVersion = 1;
	classes = {
	};
	objectVersion = 48;
	objects = {

/* Begin PBXBuildFile section */
		AFA9C93F21634872000A37D2 /* MainWindowController.swift in Sources */ = {isa = PBXBuildFile; fileRef = AFA9C93E21634872000A37D2 /* MainWindowController.swift */; };
		D800D5D3214C6D2F00A6121B /* VariableView.swift in Sources */ = {isa = PBXBuildFile; fileRef = D800D5D2214C6D2F00A6121B /* VariableView.swift */; };
		D8467D4D21306A7A00DA8E73 /* DraggablePDFView.swift in Sources */ = {isa = PBXBuildFile; fileRef = D8467D4C21306A7A00DA8E73 /* DraggablePDFView.swift */; };
		D86644E6214DF41D00429289 /* PreferencesViewController.swift in Sources */ = {isa = PBXBuildFile; fileRef = D86644E5214DF41D00429289 /* PreferencesViewController.swift */; };
		D8666A3220C12EB000B739CC /* AppDelegate.swift in Sources */ = {isa = PBXBuildFile; fileRef = D8666A3120C12EB000B739CC /* AppDelegate.swift */; };
		D8666A3420C12EB000B739CC /* ViewController.swift in Sources */ = {isa = PBXBuildFile; fileRef = D8666A3320C12EB000B739CC /* ViewController.swift */; };
		D8666A3620C12EB000B739CC /* Assets.xcassets in Resources */ = {isa = PBXBuildFile; fileRef = D8666A3520C12EB000B739CC /* Assets.xcassets */; };
		D8666A3920C12EB000B739CC /* Main.storyboard in Resources */ = {isa = PBXBuildFile; fileRef = D8666A3720C12EB000B739CC /* Main.storyboard */; };
		D8666A4520C12EB100B739CC /* FileawayTests.swift in Sources */ = {isa = PBXBuildFile; fileRef = D8666A4420C12EB100B739CC /* FileawayTests.swift */; };
		D8666A5020C12EB100B739CC /* FileawayUITests.swift in Sources */ = {isa = PBXBuildFile; fileRef = D8666A4F20C12EB100B739CC /* FileawayUITests.swift */; };
		D8B6F477216F0B2F00808CBE /* FileawayCore.framework in Embed Frameworks */ = {isa = PBXBuildFile; fileRef = D8D14DBF216E3E2F00D6E1DF /* FileawayCore.framework */; settings = {ATTRIBUTES = (CodeSignOnCopy, RemoveHeadersOnCopy, ); }; };
/* End PBXBuildFile section */

/* Begin PBXContainerItemProxy section */
		D8666A4120C12EB000B739CC /* PBXContainerItemProxy */ = {
			isa = PBXContainerItemProxy;
			containerPortal = D8666A2620C12EB000B739CC /* Project object */;
			proxyType = 1;
			remoteGlobalIDString = D8666A2D20C12EB000B739CC;
			remoteInfo = Fileaway;
		};
		D8666A4C20C12EB100B739CC /* PBXContainerItemProxy */ = {
			isa = PBXContainerItemProxy;
			containerPortal = D8666A2620C12EB000B739CC /* Project object */;
			proxyType = 1;
			remoteGlobalIDString = D8666A2D20C12EB000B739CC;
			remoteInfo = Fileaway;
		};
		D8B6F472216F09D800808CBE /* PBXContainerItemProxy */ = {
			isa = PBXContainerItemProxy;
			containerPortal = D8D14D4D216E3B9F00D6E1DF /* FileawayCore.xcodeproj */;
			proxyType = 2;
			remoteGlobalIDString = D8D14DC7216F015F00D6E1DF;
			remoteInfo = "FileawayCore iOS";
		};
		D8B6F474216F09D800808CBE /* PBXContainerItemProxy */ = {
			isa = PBXContainerItemProxy;
			containerPortal = D8D14D4D216E3B9F00D6E1DF /* FileawayCore.xcodeproj */;
			proxyType = 2;
			remoteGlobalIDString = D8D14DCF216F015F00D6E1DF;
			remoteInfo = "FileawayCore iOSTests";
		};
		D8D14DBA216E3E2F00D6E1DF /* PBXContainerItemProxy */ = {
			isa = PBXContainerItemProxy;
			containerPortal = D8D14D4D216E3B9F00D6E1DF /* FileawayCore.xcodeproj */;
			proxyType = 1;
			remoteGlobalIDString = D8D14D9F216E3E0E00D6E1DF;
			remoteInfo = "FileawayCore macOS";
		};
		D8D14DBE216E3E2F00D6E1DF /* PBXContainerItemProxy */ = {
			isa = PBXContainerItemProxy;
			containerPortal = D8D14D4D216E3B9F00D6E1DF /* FileawayCore.xcodeproj */;
			proxyType = 2;
			remoteGlobalIDString = D8D14DA0216E3E0E00D6E1DF;
			remoteInfo = "FileawayCore macOS";
		};
		D8D14DC0216E3E2F00D6E1DF /* PBXContainerItemProxy */ = {
			isa = PBXContainerItemProxy;
			containerPortal = D8D14D4D216E3B9F00D6E1DF /* FileawayCore.xcodeproj */;
			proxyType = 2;
			remoteGlobalIDString = D8D14DA8216E3E0E00D6E1DF;
			remoteInfo = "FileawayCore macOSTests";
		};
/* End PBXContainerItemProxy section */

/* Begin PBXCopyFilesBuildPhase section */
		D80C048E216E30FA00B8A7A7 /* Embed Frameworks */ = {
			isa = PBXCopyFilesBuildPhase;
			buildActionMask = 2147483647;
			dstPath = "";
			dstSubfolderSpec = 10;
			files = (
				D8B6F477216F0B2F00808CBE /* FileawayCore.framework in Embed Frameworks */,
			);
			name = "Embed Frameworks";
			runOnlyForDeploymentPostprocessing = 0;
		};
/* End PBXCopyFilesBuildPhase section */

/* Begin PBXFileReference section */
		AFA9C93E21634872000A37D2 /* MainWindowController.swift */ = {isa = PBXFileReference; lastKnownFileType = sourcecode.swift; path = MainWindowController.swift; sourceTree = "<group>"; };
		D800D5D2214C6D2F00A6121B /* VariableView.swift */ = {isa = PBXFileReference; fileEncoding = 4; lastKnownFileType = sourcecode.swift; path = VariableView.swift; sourceTree = "<group>"; };
		D8467D4C21306A7A00DA8E73 /* DraggablePDFView.swift */ = {isa = PBXFileReference; lastKnownFileType = sourcecode.swift; path = DraggablePDFView.swift; sourceTree = "<group>"; };
		D86644E5214DF41D00429289 /* PreferencesViewController.swift */ = {isa = PBXFileReference; lastKnownFileType = sourcecode.swift; path = PreferencesViewController.swift; sourceTree = "<group>"; };
		D8666A2E20C12EB000B739CC /* Fileaway.app */ = {isa = PBXFileReference; explicitFileType = wrapper.application; includeInIndex = 0; path = Fileaway.app; sourceTree = BUILT_PRODUCTS_DIR; };
		D8666A3120C12EB000B739CC /* AppDelegate.swift */ = {isa = PBXFileReference; lastKnownFileType = sourcecode.swift; path = AppDelegate.swift; sourceTree = "<group>"; };
		D8666A3320C12EB000B739CC /* ViewController.swift */ = {isa = PBXFileReference; lastKnownFileType = sourcecode.swift; path = ViewController.swift; sourceTree = "<group>"; };
		D8666A3520C12EB000B739CC /* Assets.xcassets */ = {isa = PBXFileReference; lastKnownFileType = folder.assetcatalog; path = Assets.xcassets; sourceTree = "<group>"; };
		D8666A3820C12EB000B739CC /* Base */ = {isa = PBXFileReference; lastKnownFileType = file.storyboard; name = Base; path = Base.lproj/Main.storyboard; sourceTree = "<group>"; };
		D8666A3A20C12EB000B739CC /* Info.plist */ = {isa = PBXFileReference; lastKnownFileType = text.plist.xml; path = Info.plist; sourceTree = "<group>"; };
		D8666A3B20C12EB000B739CC /* Fileaway.entitlements */ = {isa = PBXFileReference; lastKnownFileType = text.plist.entitlements; path = Fileaway.entitlements; sourceTree = "<group>"; };
		D8666A4020C12EB000B739CC /* FileawayTests.xctest */ = {isa = PBXFileReference; explicitFileType = wrapper.cfbundle; includeInIndex = 0; path = FileawayTests.xctest; sourceTree = BUILT_PRODUCTS_DIR; };
		D8666A4420C12EB100B739CC /* FileawayTests.swift */ = {isa = PBXFileReference; lastKnownFileType = sourcecode.swift; path = FileawayTests.swift; sourceTree = "<group>"; };
		D8666A4620C12EB100B739CC /* Info.plist */ = {isa = PBXFileReference; lastKnownFileType = text.plist.xml; path = Info.plist; sourceTree = "<group>"; };
		D8666A4B20C12EB100B739CC /* FileawayUITests.xctest */ = {isa = PBXFileReference; explicitFileType = wrapper.cfbundle; includeInIndex = 0; path = FileawayUITests.xctest; sourceTree = BUILT_PRODUCTS_DIR; };
		D8666A4F20C12EB100B739CC /* FileawayUITests.swift */ = {isa = PBXFileReference; lastKnownFileType = sourcecode.swift; path = FileawayUITests.swift; sourceTree = "<group>"; };
		D8666A5120C12EB100B739CC /* Info.plist */ = {isa = PBXFileReference; lastKnownFileType = text.plist.xml; path = Info.plist; sourceTree = "<group>"; };
		D8D14D4D216E3B9F00D6E1DF /* FileawayCore.xcodeproj */ = {isa = PBXFileReference; lastKnownFileType = "wrapper.pb-project"; name = FileawayCore.xcodeproj; path = ../FileawayCore/FileawayCore.xcodeproj; sourceTree = "<group>"; };
		EEB5F5B72154BCA4005E72C9 /* README.md */ = {isa = PBXFileReference; lastKnownFileType = net.daringfireball.markdown; name = README.md; path = ../README.md; sourceTree = "<group>"; };
/* End PBXFileReference section */

/* Begin PBXFrameworksBuildPhase section */
		D8666A2B20C12EB000B739CC /* Frameworks */ = {
			isa = PBXFrameworksBuildPhase;
			buildActionMask = 2147483647;
			files = (
			);
			runOnlyForDeploymentPostprocessing = 0;
		};
		D8666A3D20C12EB000B739CC /* Frameworks */ = {
			isa = PBXFrameworksBuildPhase;
			buildActionMask = 2147483647;
			files = (
			);
			runOnlyForDeploymentPostprocessing = 0;
		};
		D8666A4820C12EB100B739CC /* Frameworks */ = {
			isa = PBXFrameworksBuildPhase;
			buildActionMask = 2147483647;
			files = (
			);
			runOnlyForDeploymentPostprocessing = 0;
		};
/* End PBXFrameworksBuildPhase section */

/* Begin PBXGroup section */
		D8666A2520C12EB000B739CC = {
			isa = PBXGroup;
			children = (
				D8D14D4D216E3B9F00D6E1DF /* FileawayCore.xcodeproj */,
				EEB5F5B72154BCA4005E72C9 /* README.md */,
				D8666A3020C12EB000B739CC /* Fileaway */,
				D8666A4320C12EB000B739CC /* FileawayTests */,
				D8666A4E20C12EB100B739CC /* FileawayUITests */,
				D8666A2F20C12EB000B739CC /* Products */,
			);
			sourceTree = "<group>";
			usesTabs = 0;
		};
		D8666A2F20C12EB000B739CC /* Products */ = {
			isa = PBXGroup;
			children = (
				D8666A2E20C12EB000B739CC /* Fileaway.app */,
				D8666A4020C12EB000B739CC /* FileawayTests.xctest */,
				D8666A4B20C12EB100B739CC /* FileawayUITests.xctest */,
			);
			name = Products;
			sourceTree = "<group>";
		};
		D8666A3020C12EB000B739CC /* Fileaway */ = {
			isa = PBXGroup;
			children = (
				D800D5D2214C6D2F00A6121B /* VariableView.swift */,
				D8666A3120C12EB000B739CC /* AppDelegate.swift */,
				D8666A3320C12EB000B739CC /* ViewController.swift */,
				D8666A3520C12EB000B739CC /* Assets.xcassets */,
				D8666A3720C12EB000B739CC /* Main.storyboard */,
				D8666A3A20C12EB000B739CC /* Info.plist */,
				D8666A3B20C12EB000B739CC /* Fileaway.entitlements */,
				D8467D4C21306A7A00DA8E73 /* DraggablePDFView.swift */,
				D86644E5214DF41D00429289 /* PreferencesViewController.swift */,
				AFA9C93E21634872000A37D2 /* MainWindowController.swift */,
			);
			path = Fileaway;
			sourceTree = "<group>";
		};
		D8666A4320C12EB000B739CC /* FileawayTests */ = {
			isa = PBXGroup;
			children = (
				D8666A4420C12EB100B739CC /* FileawayTests.swift */,
				D8666A4620C12EB100B739CC /* Info.plist */,
			);
			path = FileawayTests;
			sourceTree = "<group>";
		};
		D8666A4E20C12EB100B739CC /* FileawayUITests */ = {
			isa = PBXGroup;
			children = (
				D8666A4F20C12EB100B739CC /* FileawayUITests.swift */,
				D8666A5120C12EB100B739CC /* Info.plist */,
			);
			path = FileawayUITests;
			sourceTree = "<group>";
		};
		D8D14D4E216E3B9F00D6E1DF /* Products */ = {
			isa = PBXGroup;
			children = (
				D8D14DBF216E3E2F00D6E1DF /* FileawayCore.framework */,
				D8D14DC1216E3E2F00D6E1DF /* FileawayCore macOSTests.xctest */,
				D8B6F473216F09D800808CBE /* FileawayCore.framework */,
				D8B6F475216F09D800808CBE /* FileawayCore iOSTests.xctest */,
			);
			name = Products;
			sourceTree = "<group>";
		};
/* End PBXGroup section */

/* Begin PBXNativeTarget section */
		D8666A2D20C12EB000B739CC /* Fileaway */ = {
			isa = PBXNativeTarget;
			buildConfigurationList = D8666A5420C12EB100B739CC /* Build configuration list for PBXNativeTarget "Fileaway" */;
			buildPhases = (
				D8666A2A20C12EB000B739CC /* Sources */,
				D8666A2B20C12EB000B739CC /* Frameworks */,
				D8666A2C20C12EB000B739CC /* Resources */,
				D80C048E216E30FA00B8A7A7 /* Embed Frameworks */,
			);
			buildRules = (
			);
			dependencies = (
				D8D14DBB216E3E2F00D6E1DF /* PBXTargetDependency */,
			);
			name = Fileaway;
			productName = Fileaway;
			productReference = D8666A2E20C12EB000B739CC /* Fileaway.app */;
			productType = "com.apple.product-type.application";
		};
		D8666A3F20C12EB000B739CC /* FileawayTests */ = {
			isa = PBXNativeTarget;
			buildConfigurationList = D8666A5720C12EB100B739CC /* Build configuration list for PBXNativeTarget "FileawayTests" */;
			buildPhases = (
				D8666A3C20C12EB000B739CC /* Sources */,
				D8666A3D20C12EB000B739CC /* Frameworks */,
				D8666A3E20C12EB000B739CC /* Resources */,
			);
			buildRules = (
			);
			dependencies = (
				D8666A4220C12EB000B739CC /* PBXTargetDependency */,
			);
			name = FileawayTests;
			productName = FileawayTests;
			productReference = D8666A4020C12EB000B739CC /* FileawayTests.xctest */;
			productType = "com.apple.product-type.bundle.unit-test";
		};
		D8666A4A20C12EB100B739CC /* FileawayUITests */ = {
			isa = PBXNativeTarget;
			buildConfigurationList = D8666A5A20C12EB100B739CC /* Build configuration list for PBXNativeTarget "FileawayUITests" */;
			buildPhases = (
				D8666A4720C12EB100B739CC /* Sources */,
				D8666A4820C12EB100B739CC /* Frameworks */,
				D8666A4920C12EB100B739CC /* Resources */,
			);
			buildRules = (
			);
			dependencies = (
				D8666A4D20C12EB100B739CC /* PBXTargetDependency */,
			);
			name = FileawayUITests;
			productName = FileawayUITests;
			productReference = D8666A4B20C12EB100B739CC /* FileawayUITests.xctest */;
			productType = "com.apple.product-type.bundle.ui-testing";
		};
/* End PBXNativeTarget section */

/* Begin PBXProject section */
		D8666A2620C12EB000B739CC /* Project object */ = {
			isa = PBXProject;
			attributes = {
				LastSwiftUpdateCheck = 1000;
				LastUpgradeCheck = 0900;
				ORGANIZATIONNAME = "InSeven Limited";
				TargetAttributes = {
					D8666A2D20C12EB000B739CC = {
						CreatedOnToolsVersion = 9.0;
						ProvisioningStyle = Automatic;
						SystemCapabilities = {
							com.apple.Sandbox = {
								enabled = 0;
							};
						};
					};
					D8666A3F20C12EB000B739CC = {
						CreatedOnToolsVersion = 9.0;
						ProvisioningStyle = Automatic;
						TestTargetID = D8666A2D20C12EB000B739CC;
					};
					D8666A4A20C12EB100B739CC = {
						CreatedOnToolsVersion = 9.0;
						ProvisioningStyle = Automatic;
						TestTargetID = D8666A2D20C12EB000B739CC;
					};
				};
			};
			buildConfigurationList = D8666A2920C12EB000B739CC /* Build configuration list for PBXProject "Fileaway" */;
			compatibilityVersion = "Xcode 8.0";
			developmentRegion = en;
			hasScannedForEncodings = 0;
			knownRegions = (
				en,
				Base,
			);
			mainGroup = D8666A2520C12EB000B739CC;
			productRefGroup = D8666A2F20C12EB000B739CC /* Products */;
			projectDirPath = "";
			projectReferences = (
				{
					ProductGroup = D8D14D4E216E3B9F00D6E1DF /* Products */;
					ProjectRef = D8D14D4D216E3B9F00D6E1DF /* FileawayCore.xcodeproj */;
				},
			);
			projectRoot = "";
			targets = (
				D8666A2D20C12EB000B739CC /* Fileaway */,
				D8666A3F20C12EB000B739CC /* FileawayTests */,
				D8666A4A20C12EB100B739CC /* FileawayUITests */,
			);
		};
/* End PBXProject section */

/* Begin PBXReferenceProxy section */
		D8B6F473216F09D800808CBE /* FileawayCore.framework */ = {
			isa = PBXReferenceProxy;
			fileType = wrapper.framework;
			path = FileawayCore.framework;
			remoteRef = D8B6F472216F09D800808CBE /* PBXContainerItemProxy */;
			sourceTree = BUILT_PRODUCTS_DIR;
		};
		D8B6F475216F09D800808CBE /* FileawayCore iOSTests.xctest */ = {
			isa = PBXReferenceProxy;
			fileType = wrapper.cfbundle;
			path = "FileawayCore iOSTests.xctest";
			remoteRef = D8B6F474216F09D800808CBE /* PBXContainerItemProxy */;
			sourceTree = BUILT_PRODUCTS_DIR;
		};
		D8D14DBF216E3E2F00D6E1DF /* FileawayCore.framework */ = {
			isa = PBXReferenceProxy;
			fileType = wrapper.framework;
			path = FileawayCore.framework;
			remoteRef = D8D14DBE216E3E2F00D6E1DF /* PBXContainerItemProxy */;
			sourceTree = BUILT_PRODUCTS_DIR;
		};
		D8D14DC1216E3E2F00D6E1DF /* FileawayCore macOSTests.xctest */ = {
			isa = PBXReferenceProxy;
			fileType = wrapper.cfbundle;
			path = "FileawayCore macOSTests.xctest";
			remoteRef = D8D14DC0216E3E2F00D6E1DF /* PBXContainerItemProxy */;
			sourceTree = BUILT_PRODUCTS_DIR;
		};
/* End PBXReferenceProxy section */

/* Begin PBXResourcesBuildPhase section */
		D8666A2C20C12EB000B739CC /* Resources */ = {
			isa = PBXResourcesBuildPhase;
			buildActionMask = 2147483647;
			files = (
				D8666A3620C12EB000B739CC /* Assets.xcassets in Resources */,
				D8666A3920C12EB000B739CC /* Main.storyboard in Resources */,
			);
			runOnlyForDeploymentPostprocessing = 0;
		};
		D8666A3E20C12EB000B739CC /* Resources */ = {
			isa = PBXResourcesBuildPhase;
			buildActionMask = 2147483647;
			files = (
			);
			runOnlyForDeploymentPostprocessing = 0;
		};
		D8666A4920C12EB100B739CC /* Resources */ = {
			isa = PBXResourcesBuildPhase;
			buildActionMask = 2147483647;
			files = (
			);
			runOnlyForDeploymentPostprocessing = 0;
		};
/* End PBXResourcesBuildPhase section */

/* Begin PBXSourcesBuildPhase section */
		D8666A2A20C12EB000B739CC /* Sources */ = {
			isa = PBXSourcesBuildPhase;
			buildActionMask = 2147483647;
			files = (
				D8666A3420C12EB000B739CC /* ViewController.swift in Sources */,
				D800D5D3214C6D2F00A6121B /* VariableView.swift in Sources */,
				D8666A3220C12EB000B739CC /* AppDelegate.swift in Sources */,
				D86644E6214DF41D00429289 /* PreferencesViewController.swift in Sources */,
				D8467D4D21306A7A00DA8E73 /* DraggablePDFView.swift in Sources */,
				AFA9C93F21634872000A37D2 /* MainWindowController.swift in Sources */,
			);
			runOnlyForDeploymentPostprocessing = 0;
		};
		D8666A3C20C12EB000B739CC /* Sources */ = {
			isa = PBXSourcesBuildPhase;
			buildActionMask = 2147483647;
			files = (
				D8666A4520C12EB100B739CC /* FileawayTests.swift in Sources */,
			);
			runOnlyForDeploymentPostprocessing = 0;
		};
		D8666A4720C12EB100B739CC /* Sources */ = {
			isa = PBXSourcesBuildPhase;
			buildActionMask = 2147483647;
			files = (
				D8666A5020C12EB100B739CC /* FileawayUITests.swift in Sources */,
			);
			runOnlyForDeploymentPostprocessing = 0;
		};
/* End PBXSourcesBuildPhase section */

/* Begin PBXTargetDependency section */
		D8666A4220C12EB000B739CC /* PBXTargetDependency */ = {
			isa = PBXTargetDependency;
			target = D8666A2D20C12EB000B739CC /* Fileaway */;
			targetProxy = D8666A4120C12EB000B739CC /* PBXContainerItemProxy */;
		};
		D8666A4D20C12EB100B739CC /* PBXTargetDependency */ = {
			isa = PBXTargetDependency;
			target = D8666A2D20C12EB000B739CC /* Fileaway */;
			targetProxy = D8666A4C20C12EB100B739CC /* PBXContainerItemProxy */;
		};
		D8D14DBB216E3E2F00D6E1DF /* PBXTargetDependency */ = {
			isa = PBXTargetDependency;
			name = "FileawayCore macOS";
			targetProxy = D8D14DBA216E3E2F00D6E1DF /* PBXContainerItemProxy */;
		};
/* End PBXTargetDependency section */

/* Begin PBXVariantGroup section */
		D8666A3720C12EB000B739CC /* Main.storyboard */ = {
			isa = PBXVariantGroup;
			children = (
				D8666A3820C12EB000B739CC /* Base */,
			);
			name = Main.storyboard;
			sourceTree = "<group>";
		};
/* End PBXVariantGroup section */

/* Begin XCBuildConfiguration section */
		D8666A5220C12EB100B739CC /* Debug */ = {
			isa = XCBuildConfiguration;
			buildSettings = {
				ALWAYS_SEARCH_USER_PATHS = NO;
				CLANG_ANALYZER_NONNULL = YES;
				CLANG_ANALYZER_NUMBER_OBJECT_CONVERSION = YES_AGGRESSIVE;
				CLANG_CXX_LANGUAGE_STANDARD = "gnu++14";
				CLANG_CXX_LIBRARY = "libc++";
				CLANG_ENABLE_MODULES = YES;
				CLANG_ENABLE_OBJC_ARC = YES;
				CLANG_WARN_BLOCK_CAPTURE_AUTORELEASING = YES;
				CLANG_WARN_BOOL_CONVERSION = YES;
				CLANG_WARN_COMMA = YES;
				CLANG_WARN_CONSTANT_CONVERSION = YES;
				CLANG_WARN_DIRECT_OBJC_ISA_USAGE = YES_ERROR;
				CLANG_WARN_DOCUMENTATION_COMMENTS = YES;
				CLANG_WARN_EMPTY_BODY = YES;
				CLANG_WARN_ENUM_CONVERSION = YES;
				CLANG_WARN_INFINITE_RECURSION = YES;
				CLANG_WARN_INT_CONVERSION = YES;
				CLANG_WARN_NON_LITERAL_NULL_CONVERSION = YES;
				CLANG_WARN_OBJC_LITERAL_CONVERSION = YES;
				CLANG_WARN_OBJC_ROOT_CLASS = YES_ERROR;
				CLANG_WARN_RANGE_LOOP_ANALYSIS = YES;
				CLANG_WARN_STRICT_PROTOTYPES = YES;
				CLANG_WARN_SUSPICIOUS_MOVE = YES;
				CLANG_WARN_UNGUARDED_AVAILABILITY = YES_AGGRESSIVE;
				CLANG_WARN_UNREACHABLE_CODE = YES;
				CLANG_WARN__DUPLICATE_METHOD_MATCH = YES;
				CODE_SIGN_IDENTITY = "-";
				COPY_PHASE_STRIP = NO;
				DEBUG_INFORMATION_FORMAT = dwarf;
				ENABLE_STRICT_OBJC_MSGSEND = YES;
				ENABLE_TESTABILITY = YES;
				GCC_C_LANGUAGE_STANDARD = gnu11;
				GCC_DYNAMIC_NO_PIC = NO;
				GCC_NO_COMMON_BLOCKS = YES;
				GCC_OPTIMIZATION_LEVEL = 0;
				GCC_PREPROCESSOR_DEFINITIONS = (
					"DEBUG=1",
					"$(inherited)",
				);
				GCC_WARN_64_TO_32_BIT_CONVERSION = YES;
				GCC_WARN_ABOUT_RETURN_TYPE = YES_ERROR;
				GCC_WARN_UNDECLARED_SELECTOR = YES;
				GCC_WARN_UNINITIALIZED_AUTOS = YES_AGGRESSIVE;
				GCC_WARN_UNUSED_FUNCTION = YES;
				GCC_WARN_UNUSED_VARIABLE = YES;
				MACOSX_DEPLOYMENT_TARGET = 10.14;
				MTL_ENABLE_DEBUG_INFO = YES;
				ONLY_ACTIVE_ARCH = YES;
				SDKROOT = macosx;
				SWIFT_ACTIVE_COMPILATION_CONDITIONS = DEBUG;
				SWIFT_OPTIMIZATION_LEVEL = "-Onone";
			};
			name = Debug;
		};
		D8666A5320C12EB100B739CC /* Release */ = {
			isa = XCBuildConfiguration;
			buildSettings = {
				ALWAYS_SEARCH_USER_PATHS = NO;
				CLANG_ANALYZER_NONNULL = YES;
				CLANG_ANALYZER_NUMBER_OBJECT_CONVERSION = YES_AGGRESSIVE;
				CLANG_CXX_LANGUAGE_STANDARD = "gnu++14";
				CLANG_CXX_LIBRARY = "libc++";
				CLANG_ENABLE_MODULES = YES;
				CLANG_ENABLE_OBJC_ARC = YES;
				CLANG_WARN_BLOCK_CAPTURE_AUTORELEASING = YES;
				CLANG_WARN_BOOL_CONVERSION = YES;
				CLANG_WARN_COMMA = YES;
				CLANG_WARN_CONSTANT_CONVERSION = YES;
				CLANG_WARN_DIRECT_OBJC_ISA_USAGE = YES_ERROR;
				CLANG_WARN_DOCUMENTATION_COMMENTS = YES;
				CLANG_WARN_EMPTY_BODY = YES;
				CLANG_WARN_ENUM_CONVERSION = YES;
				CLANG_WARN_INFINITE_RECURSION = YES;
				CLANG_WARN_INT_CONVERSION = YES;
				CLANG_WARN_NON_LITERAL_NULL_CONVERSION = YES;
				CLANG_WARN_OBJC_LITERAL_CONVERSION = YES;
				CLANG_WARN_OBJC_ROOT_CLASS = YES_ERROR;
				CLANG_WARN_RANGE_LOOP_ANALYSIS = YES;
				CLANG_WARN_STRICT_PROTOTYPES = YES;
				CLANG_WARN_SUSPICIOUS_MOVE = YES;
				CLANG_WARN_UNGUARDED_AVAILABILITY = YES_AGGRESSIVE;
				CLANG_WARN_UNREACHABLE_CODE = YES;
				CLANG_WARN__DUPLICATE_METHOD_MATCH = YES;
				CODE_SIGN_IDENTITY = "-";
				COPY_PHASE_STRIP = NO;
				DEBUG_INFORMATION_FORMAT = "dwarf-with-dsym";
				ENABLE_NS_ASSERTIONS = NO;
				ENABLE_STRICT_OBJC_MSGSEND = YES;
				GCC_C_LANGUAGE_STANDARD = gnu11;
				GCC_NO_COMMON_BLOCKS = YES;
				GCC_WARN_64_TO_32_BIT_CONVERSION = YES;
				GCC_WARN_ABOUT_RETURN_TYPE = YES_ERROR;
				GCC_WARN_UNDECLARED_SELECTOR = YES;
				GCC_WARN_UNINITIALIZED_AUTOS = YES_AGGRESSIVE;
				GCC_WARN_UNUSED_FUNCTION = YES;
				GCC_WARN_UNUSED_VARIABLE = YES;
				MACOSX_DEPLOYMENT_TARGET = 10.14;
				MTL_ENABLE_DEBUG_INFO = NO;
				SDKROOT = macosx;
				SWIFT_OPTIMIZATION_LEVEL = "-Owholemodule";
			};
			name = Release;
		};
		D8666A5520C12EB100B739CC /* Debug */ = {
			isa = XCBuildConfiguration;
			buildSettings = {
				ASSETCATALOG_COMPILER_APPICON_NAME = AppIcon;
				CODE_SIGN_STYLE = Automatic;
				COMBINE_HIDPI_IMAGES = YES;
				CURRENT_PROJECT_VERSION = 16;
				DEVELOPMENT_TEAM = CAG2W9M777;
				INFOPLIST_FILE = "$(SRCROOT)/Fileaway/Info.plist";
				LD_RUNPATH_SEARCH_PATHS = "$(inherited) @executable_path/../Frameworks";
				PRODUCT_BUNDLE_IDENTIFIER = uk.co.inseven.fileaway;
				PRODUCT_NAME = "$(TARGET_NAME)";
				SWIFT_VERSION = 4.0;
			};
			name = Debug;
		};
		D8666A5620C12EB100B739CC /* Release */ = {
			isa = XCBuildConfiguration;
			buildSettings = {
				ASSETCATALOG_COMPILER_APPICON_NAME = AppIcon;
				CODE_SIGN_STYLE = Automatic;
				COMBINE_HIDPI_IMAGES = YES;
				CURRENT_PROJECT_VERSION = 16;
				DEVELOPMENT_TEAM = CAG2W9M777;
				INFOPLIST_FILE = "$(SRCROOT)/Fileaway/Info.plist";
				LD_RUNPATH_SEARCH_PATHS = "$(inherited) @executable_path/../Frameworks";
				PRODUCT_BUNDLE_IDENTIFIER = uk.co.inseven.fileaway;
				PRODUCT_NAME = "$(TARGET_NAME)";
				SWIFT_VERSION = 4.0;
			};
			name = Release;
		};
		D8666A5820C12EB100B739CC /* Debug */ = {
			isa = XCBuildConfiguration;
			buildSettings = {
				ALWAYS_EMBED_SWIFT_STANDARD_LIBRARIES = YES;
				BUNDLE_LOADER = "$(TEST_HOST)";
				CODE_SIGN_STYLE = Automatic;
				COMBINE_HIDPI_IMAGES = YES;
				INFOPLIST_FILE = FileawayTests/Info.plist;
				LD_RUNPATH_SEARCH_PATHS = "$(inherited) @executable_path/../Frameworks @loader_path/../Frameworks";
				PRODUCT_BUNDLE_IDENTIFIER = uk.co.inseven.FileawayTests;
				PRODUCT_NAME = "$(TARGET_NAME)";
				SWIFT_VERSION = 4.0;
				TEST_HOST = "$(BUILT_PRODUCTS_DIR)/Fileaway.app/Contents/MacOS/Fileaway";
			};
			name = Debug;
		};
		D8666A5920C12EB100B739CC /* Release */ = {
			isa = XCBuildConfiguration;
			buildSettings = {
				ALWAYS_EMBED_SWIFT_STANDARD_LIBRARIES = YES;
				BUNDLE_LOADER = "$(TEST_HOST)";
				CODE_SIGN_STYLE = Automatic;
				COMBINE_HIDPI_IMAGES = YES;
				INFOPLIST_FILE = FileawayTests/Info.plist;
				LD_RUNPATH_SEARCH_PATHS = "$(inherited) @executable_path/../Frameworks @loader_path/../Frameworks";
				PRODUCT_BUNDLE_IDENTIFIER = uk.co.inseven.FileawayTests;
				PRODUCT_NAME = "$(TARGET_NAME)";
				SWIFT_VERSION = 4.0;
				TEST_HOST = "$(BUILT_PRODUCTS_DIR)/Fileaway.app/Contents/MacOS/Fileaway";
			};
			name = Release;
		};
		D8666A5B20C12EB100B739CC /* Debug */ = {
			isa = XCBuildConfiguration;
			buildSettings = {
				ALWAYS_EMBED_SWIFT_STANDARD_LIBRARIES = YES;
				CODE_SIGN_STYLE = Automatic;
				COMBINE_HIDPI_IMAGES = YES;
				INFOPLIST_FILE = FileawayUITests/Info.plist;
				LD_RUNPATH_SEARCH_PATHS = "$(inherited) @executable_path/../Frameworks @loader_path/../Frameworks";
				PRODUCT_BUNDLE_IDENTIFIER = uk.co.inseven.FileawayUITests;
				PRODUCT_NAME = "$(TARGET_NAME)";
				SWIFT_VERSION = 4.0;
				TEST_TARGET_NAME = Fileaway;
			};
			name = Debug;
		};
		D8666A5C20C12EB100B739CC /* Release */ = {
			isa = XCBuildConfiguration;
			buildSettings = {
				ALWAYS_EMBED_SWIFT_STANDARD_LIBRARIES = YES;
				CODE_SIGN_STYLE = Automatic;
				COMBINE_HIDPI_IMAGES = YES;
				INFOPLIST_FILE = FileawayUITests/Info.plist;
				LD_RUNPATH_SEARCH_PATHS = "$(inherited) @executable_path/../Frameworks @loader_path/../Frameworks";
				PRODUCT_BUNDLE_IDENTIFIER = uk.co.inseven.FileawayUITests;
				PRODUCT_NAME = "$(TARGET_NAME)";
				SWIFT_VERSION = 4.0;
				TEST_TARGET_NAME = Fileaway;
			};
			name = Release;
		};
/* End XCBuildConfiguration section */

/* Begin XCConfigurationList section */
		D8666A2920C12EB000B739CC /* Build configuration list for PBXProject "Fileaway" */ = {
			isa = XCConfigurationList;
			buildConfigurations = (
				D8666A5220C12EB100B739CC /* Debug */,
				D8666A5320C12EB100B739CC /* Release */,
			);
			defaultConfigurationIsVisible = 0;
			defaultConfigurationName = Release;
		};
		D8666A5420C12EB100B739CC /* Build configuration list for PBXNativeTarget "Fileaway" */ = {
			isa = XCConfigurationList;
			buildConfigurations = (
				D8666A5520C12EB100B739CC /* Debug */,
				D8666A5620C12EB100B739CC /* Release */,
			);
			defaultConfigurationIsVisible = 0;
			defaultConfigurationName = Release;
		};
		D8666A5720C12EB100B739CC /* Build configuration list for PBXNativeTarget "FileawayTests" */ = {
			isa = XCConfigurationList;
			buildConfigurations = (
				D8666A5820C12EB100B739CC /* Debug */,
				D8666A5920C12EB100B739CC /* Release */,
			);
			defaultConfigurationIsVisible = 0;
			defaultConfigurationName = Release;
		};
		D8666A5A20C12EB100B739CC /* Build configuration list for PBXNativeTarget "FileawayUITests" */ = {
			isa = XCConfigurationList;
			buildConfigurations = (
				D8666A5B20C12EB100B739CC /* Debug */,
				D8666A5C20C12EB100B739CC /* Release */,
			);
			defaultConfigurationIsVisible = 0;
			defaultConfigurationName = Release;
		};
/* End XCConfigurationList section */
	};
	rootObject = D8666A2620C12EB000B739CC /* Project object */;
}
