// !$*UTF8*$!
{
	archiveVersion = 1;
	classes = {
	};
	objectVersion = 54;
	objects = {

/* Begin PBXBuildFile section */
		D81C5D93249BE3710083BD6F /* RulesView.swift in Sources */ = {isa = PBXBuildFile; fileRef = D81C5D92249BE3710083BD6F /* RulesView.swift */; };
		D81C5D95249BE6F40083BD6F /* RuleView.swift in Sources */ = {isa = PBXBuildFile; fileRef = D81C5D94249BE6F40083BD6F /* RuleView.swift */; };
		D85067FA292B8DE80017865A /* FileTypesView.swift in Sources */ = {isa = PBXBuildFile; fileRef = D85067F9292B8DE80017865A /* FileTypesView.swift */; };
		D850BD3329333E3800D81AAA /* DocumentPreviewHeader.swift in Sources */ = {isa = PBXBuildFile; fileRef = D850BD3229333E3800D81AAA /* DocumentPreviewHeader.swift */; };
		D850BD3629333FF300D81AAA /* CGSize.swift in Sources */ = {isa = PBXBuildFile; fileRef = D850BD3529333FF300D81AAA /* CGSize.swift */; };
		D85532A0291E5FB400C21E12 /* WizardView.swift in Sources */ = {isa = PBXBuildFile; fileRef = D855329F291E5FB400C21E12 /* WizardView.swift */; };
		D864870D292CB99C007CD688 /* AddFileTypesView.swift in Sources */ = {isa = PBXBuildFile; fileRef = D864870C292CB99C007CD688 /* AddFileTypesView.swift */; };
		D8648710292CD08F007CD688 /* WizardModel.swift in Sources */ = {isa = PBXBuildFile; fileRef = D864870F292CD08F007CD688 /* WizardModel.swift */; };
		D8648712292D323A007CD688 /* RulePickerRow.swift in Sources */ = {isa = PBXBuildFile; fileRef = D8648711292D323A007CD688 /* RulePickerRow.swift */; };
		D86AA556291DB7E00078B2DA /* FilePicker in Frameworks */ = {isa = PBXBuildFile; productRef = D86AA555291DB7E00078B2DA /* FilePicker */; };
		D88B353D28B61247000C8910 /* FileawayCore in Frameworks */ = {isa = PBXBuildFile; productRef = D88B353C28B61247000C8910 /* FileawayCore */; };
		D898D1D4293515EF007C17E5 /* TokenUI in Frameworks */ = {isa = PBXBuildFile; productRef = D898D1D3293515EF007C17E5 /* TokenUI */; };
		D8A871D22916D56400B2932A /* ComponentItem.swift in Sources */ = {isa = PBXBuildFile; fileRef = D8A871D12916D56400B2932A /* ComponentItem.swift */; };
		D8A871D72917F82C00B2932A /* Interact in Frameworks */ = {isa = PBXBuildFile; productRef = D8A871D62917F82C00B2932A /* Interact */; };
		D8C15DBA291A498F002DB14D /* FileawayApp.swift in Sources */ = {isa = PBXBuildFile; fileRef = D8C15DB9291A498F002DB14D /* FileawayApp.swift */; };
		D8CAE3EE249D3AD70047CA36 /* ErrorText.swift in Sources */ = {isa = PBXBuildFile; fileRef = D8CAE3ED249D3AD70047CA36 /* ErrorText.swift */; };
		D8CCB80D2143672700AC445F /* Assets.xcassets in Resources */ = {isa = PBXBuildFile; fileRef = D8CCB80C2143672700AC445F /* Assets.xcassets */; };
		D8CCB8102143672700AC445F /* LaunchScreen.storyboard in Resources */ = {isa = PBXBuildFile; fileRef = D8CCB80E2143672700AC445F /* LaunchScreen.storyboard */; };
		D8CCB81B2143672700AC445F /* FileawayTests.swift in Sources */ = {isa = PBXBuildFile; fileRef = D8CCB81A2143672700AC445F /* FileawayTests.swift */; };
		D8CCB8262143672700AC445F /* FileawayUITests.swift in Sources */ = {isa = PBXBuildFile; fileRef = D8CCB8252143672700AC445F /* FileawayUITests.swift */; };
		D8CCD293246EDC6A007EF2BB /* SettingsView.swift in Sources */ = {isa = PBXBuildFile; fileRef = D8CCD292246EDC6A007EF2BB /* SettingsView.swift */; };
		D8D81EB0291DC70200870E6E /* ContentView.swift in Sources */ = {isa = PBXBuildFile; fileRef = D8D81EAF291DC70200870E6E /* ContentView.swift */; };
		D8D81EB2291DD07800870E6E /* VariableView.swift in Sources */ = {isa = PBXBuildFile; fileRef = D8D81EB1291DD07800870E6E /* VariableView.swift */; };
		D8D81EB9291DD23800870E6E /* VariableRow.swift in Sources */ = {isa = PBXBuildFile; fileRef = D8D81EB8291DD23800870E6E /* VariableRow.swift */; };
		D8E4CA5B249CF8A600F5BC8E /* Selectable.swift in Sources */ = {isa = PBXBuildFile; fileRef = D8E4CA5A249CF8A600F5BC8E /* Selectable.swift */; };
		D8E4CA5D249D061D00F5BC8E /* EditableText.swift in Sources */ = {isa = PBXBuildFile; fileRef = D8E4CA5C249D061D00F5BC8E /* EditableText.swift */; };
		D8F763DA292259960051D740 /* RulePicker.swift in Sources */ = {isa = PBXBuildFile; fileRef = D8F763D9292259960051D740 /* RulePicker.swift */; };
		D8F763DC29225F720051D740 /* RuleFormView.swift in Sources */ = {isa = PBXBuildFile; fileRef = D8F763DB29225F720051D740 /* RuleFormView.swift */; };
		D8F763DE29226FD30051D740 /* DocumentPreviewButton.swift in Sources */ = {isa = PBXBuildFile; fileRef = D8F763DD29226FD30051D740 /* DocumentPreviewButton.swift */; };
		D8FB857F2916D2430024F885 /* Diligence in Frameworks */ = {isa = PBXBuildFile; productRef = D8FB857E2916D2430024F885 /* Diligence */; };
/* End PBXBuildFile section */

/* Begin PBXContainerItemProxy section */
		D8CCB8172143672700AC445F /* PBXContainerItemProxy */ = {
			isa = PBXContainerItemProxy;
			containerPortal = D8CCB7FA2143672700AC445F /* Project object */;
			proxyType = 1;
			remoteGlobalIDString = D8CCB8012143672700AC445F;
			remoteInfo = Fileaway;
		};
		D8CCB8222143672700AC445F /* PBXContainerItemProxy */ = {
			isa = PBXContainerItemProxy;
			containerPortal = D8CCB7FA2143672700AC445F /* Project object */;
			proxyType = 1;
			remoteGlobalIDString = D8CCB8012143672700AC445F;
			remoteInfo = Fileaway;
		};
/* End PBXContainerItemProxy section */

/* Begin PBXFileReference section */
		D81C5D92249BE3710083BD6F /* RulesView.swift */ = {isa = PBXFileReference; lastKnownFileType = sourcecode.swift; path = RulesView.swift; sourceTree = "<group>"; };
		D81C5D94249BE6F40083BD6F /* RuleView.swift */ = {isa = PBXFileReference; lastKnownFileType = sourcecode.swift; path = RuleView.swift; sourceTree = "<group>"; };
		D85067F9292B8DE80017865A /* FileTypesView.swift */ = {isa = PBXFileReference; lastKnownFileType = sourcecode.swift; path = FileTypesView.swift; sourceTree = "<group>"; };
		D850BD3229333E3800D81AAA /* DocumentPreviewHeader.swift */ = {isa = PBXFileReference; lastKnownFileType = sourcecode.swift; path = DocumentPreviewHeader.swift; sourceTree = "<group>"; };
		D850BD3529333FF300D81AAA /* CGSize.swift */ = {isa = PBXFileReference; lastKnownFileType = sourcecode.swift; path = CGSize.swift; sourceTree = "<group>"; };
		D855329F291E5FB400C21E12 /* WizardView.swift */ = {isa = PBXFileReference; lastKnownFileType = sourcecode.swift; path = WizardView.swift; sourceTree = "<group>"; };
		D864870C292CB99C007CD688 /* AddFileTypesView.swift */ = {isa = PBXFileReference; lastKnownFileType = sourcecode.swift; path = AddFileTypesView.swift; sourceTree = "<group>"; };
		D864870F292CD08F007CD688 /* WizardModel.swift */ = {isa = PBXFileReference; lastKnownFileType = sourcecode.swift; path = WizardModel.swift; sourceTree = "<group>"; };
		D8648711292D323A007CD688 /* RulePickerRow.swift */ = {isa = PBXFileReference; lastKnownFileType = sourcecode.swift; path = RulePickerRow.swift; sourceTree = "<group>"; };
		D866D66326197AC80025329E /* FileawayCore.framework */ = {isa = PBXFileReference; explicitFileType = wrapper.framework; path = FileawayCore.framework; sourceTree = BUILT_PRODUCTS_DIR; };
		D86AA554291DB7BF0078B2DA /* FilePicker */ = {isa = PBXFileReference; lastKnownFileType = wrapper; name = FilePicker; path = ../FilePicker; sourceTree = "<group>"; };
		D8A871D12916D56400B2932A /* ComponentItem.swift */ = {isa = PBXFileReference; lastKnownFileType = sourcecode.swift; path = ComponentItem.swift; sourceTree = "<group>"; };
		D8B0B3D425314771001EB2C2 /* Fileaway.entitlements */ = {isa = PBXFileReference; lastKnownFileType = text.plist.entitlements; path = Fileaway.entitlements; sourceTree = "<group>"; };
		D8C15DB9291A498F002DB14D /* FileawayApp.swift */ = {isa = PBXFileReference; lastKnownFileType = sourcecode.swift; path = FileawayApp.swift; sourceTree = "<group>"; };
		D8CAE3ED249D3AD70047CA36 /* ErrorText.swift */ = {isa = PBXFileReference; lastKnownFileType = sourcecode.swift; path = ErrorText.swift; sourceTree = "<group>"; };
		D8CCB8022143672700AC445F /* Fileaway.app */ = {isa = PBXFileReference; explicitFileType = wrapper.application; includeInIndex = 0; path = Fileaway.app; sourceTree = BUILT_PRODUCTS_DIR; };
		D8CCB80C2143672700AC445F /* Assets.xcassets */ = {isa = PBXFileReference; lastKnownFileType = folder.assetcatalog; path = Assets.xcassets; sourceTree = "<group>"; };
		D8CCB80F2143672700AC445F /* Base */ = {isa = PBXFileReference; lastKnownFileType = file.storyboard; name = Base; path = Base.lproj/LaunchScreen.storyboard; sourceTree = "<group>"; };
		D8CCB8112143672700AC445F /* Info.plist */ = {isa = PBXFileReference; lastKnownFileType = text.plist.xml; path = Info.plist; sourceTree = "<group>"; };
		D8CCB8162143672700AC445F /* FileawayTests.xctest */ = {isa = PBXFileReference; explicitFileType = wrapper.cfbundle; includeInIndex = 0; path = FileawayTests.xctest; sourceTree = BUILT_PRODUCTS_DIR; };
		D8CCB81A2143672700AC445F /* FileawayTests.swift */ = {isa = PBXFileReference; lastKnownFileType = sourcecode.swift; path = FileawayTests.swift; sourceTree = "<group>"; };
		D8CCB81C2143672700AC445F /* Info.plist */ = {isa = PBXFileReference; lastKnownFileType = text.plist.xml; path = Info.plist; sourceTree = "<group>"; };
		D8CCB8212143672700AC445F /* FileawayUITests.xctest */ = {isa = PBXFileReference; explicitFileType = wrapper.cfbundle; includeInIndex = 0; path = FileawayUITests.xctest; sourceTree = BUILT_PRODUCTS_DIR; };
		D8CCB8252143672700AC445F /* FileawayUITests.swift */ = {isa = PBXFileReference; lastKnownFileType = sourcecode.swift; path = FileawayUITests.swift; sourceTree = "<group>"; };
		D8CCB8272143672700AC445F /* Info.plist */ = {isa = PBXFileReference; lastKnownFileType = text.plist.xml; path = Info.plist; sourceTree = "<group>"; };
		D8CCD292246EDC6A007EF2BB /* SettingsView.swift */ = {isa = PBXFileReference; lastKnownFileType = sourcecode.swift; path = SettingsView.swift; sourceTree = "<group>"; };
		D8D81EAF291DC70200870E6E /* ContentView.swift */ = {isa = PBXFileReference; lastKnownFileType = sourcecode.swift; path = ContentView.swift; sourceTree = "<group>"; };
		D8D81EB1291DD07800870E6E /* VariableView.swift */ = {isa = PBXFileReference; lastKnownFileType = sourcecode.swift; path = VariableView.swift; sourceTree = "<group>"; };
		D8D81EB8291DD23800870E6E /* VariableRow.swift */ = {isa = PBXFileReference; lastKnownFileType = sourcecode.swift; path = VariableRow.swift; sourceTree = "<group>"; };
		D8E4CA5A249CF8A600F5BC8E /* Selectable.swift */ = {isa = PBXFileReference; lastKnownFileType = sourcecode.swift; path = Selectable.swift; sourceTree = "<group>"; };
		D8E4CA5C249D061D00F5BC8E /* EditableText.swift */ = {isa = PBXFileReference; lastKnownFileType = sourcecode.swift; path = EditableText.swift; sourceTree = "<group>"; };
		D8F763D9292259960051D740 /* RulePicker.swift */ = {isa = PBXFileReference; lastKnownFileType = sourcecode.swift; path = RulePicker.swift; sourceTree = "<group>"; };
		D8F763DB29225F720051D740 /* RuleFormView.swift */ = {isa = PBXFileReference; lastKnownFileType = sourcecode.swift; path = RuleFormView.swift; sourceTree = "<group>"; };
		D8F763DD29226FD30051D740 /* DocumentPreviewButton.swift */ = {isa = PBXFileReference; lastKnownFileType = sourcecode.swift; path = DocumentPreviewButton.swift; sourceTree = "<group>"; };
/* End PBXFileReference section */

/* Begin PBXFrameworksBuildPhase section */
		D8CCB7FF2143672700AC445F /* Frameworks */ = {
			isa = PBXFrameworksBuildPhase;
			buildActionMask = 2147483647;
			files = (
				D86AA556291DB7E00078B2DA /* FilePicker in Frameworks */,
				D88B353D28B61247000C8910 /* FileawayCore in Frameworks */,
				D8FB857F2916D2430024F885 /* Diligence in Frameworks */,
				D8A871D72917F82C00B2932A /* Interact in Frameworks */,
				D898D1D4293515EF007C17E5 /* TokenUI in Frameworks */,
			);
			runOnlyForDeploymentPostprocessing = 0;
		};
		D8CCB8132143672700AC445F /* Frameworks */ = {
			isa = PBXFrameworksBuildPhase;
			buildActionMask = 2147483647;
			files = (
			);
			runOnlyForDeploymentPostprocessing = 0;
		};
		D8CCB81E2143672700AC445F /* Frameworks */ = {
			isa = PBXFrameworksBuildPhase;
			buildActionMask = 2147483647;
			files = (
			);
			runOnlyForDeploymentPostprocessing = 0;
		};
/* End PBXFrameworksBuildPhase section */

/* Begin PBXGroup section */
		D81C5D8F249BDD3C0083BD6F /* Views */ = {
			isa = PBXGroup;
			children = (
				D8F763D8292255FE0051D740 /* Common */,
				D8F763D42922553F0051D740 /* Editor */,
				D8F763D6292255A30051D740 /* Settings */,
				D8F763D3292255200051D740 /* Viewer */,
				D8F763D5292255780051D740 /* Wizard */,
			);
			path = Views;
			sourceTree = "<group>";
		};
		D850BD3429333FE600D81AAA /* Extensions */ = {
			isa = PBXGroup;
			children = (
				D850BD3529333FF300D81AAA /* CGSize.swift */,
			);
			path = Extensions;
			sourceTree = "<group>";
		};
		D864870E292CCF2D007CD688 /* Model */ = {
			isa = PBXGroup;
			children = (
				D864870F292CD08F007CD688 /* WizardModel.swift */,
			);
			path = Model;
			sourceTree = "<group>";
		};
		D86AA553291DB7BF0078B2DA /* Packages */ = {
			isa = PBXGroup;
			children = (
				D86AA554291DB7BF0078B2DA /* FilePicker */,
			);
			name = Packages;
			sourceTree = "<group>";
		};
		D8BCA522216F069B002A624D /* Frameworks */ = {
			isa = PBXGroup;
			children = (
				D866D66326197AC80025329E /* FileawayCore.framework */,
			);
			name = Frameworks;
			sourceTree = "<group>";
		};
		D8CCB7F92143672700AC445F = {
			isa = PBXGroup;
			children = (
				D86AA553291DB7BF0078B2DA /* Packages */,
				D8B0B3D425314771001EB2C2 /* Fileaway.entitlements */,
				D8CCB8042143672700AC445F /* Fileaway */,
				D8CCB8192143672700AC445F /* FileawayTests */,
				D8CCB8242143672700AC445F /* FileawayUITests */,
				D8BCA522216F069B002A624D /* Frameworks */,
				D8CCB8032143672700AC445F /* Products */,
			);
			sourceTree = "<group>";
		};
		D8CCB8032143672700AC445F /* Products */ = {
			isa = PBXGroup;
			children = (
				D8CCB8022143672700AC445F /* Fileaway.app */,
				D8CCB8162143672700AC445F /* FileawayTests.xctest */,
				D8CCB8212143672700AC445F /* FileawayUITests.xctest */,
			);
			name = Products;
			sourceTree = "<group>";
		};
		D8CCB8042143672700AC445F /* Fileaway */ = {
			isa = PBXGroup;
			children = (
				D8CCB8112143672700AC445F /* Info.plist */,
				D8C15DB9291A498F002DB14D /* FileawayApp.swift */,
				D8CCB80C2143672700AC445F /* Assets.xcassets */,
				D850BD3429333FE600D81AAA /* Extensions */,
				D8CCB80E2143672700AC445F /* LaunchScreen.storyboard */,
				D864870E292CCF2D007CD688 /* Model */,
				D81C5D8F249BDD3C0083BD6F /* Views */,
			);
			path = Fileaway;
			sourceTree = "<group>";
		};
		D8CCB8192143672700AC445F /* FileawayTests */ = {
			isa = PBXGroup;
			children = (
				D8CCB81A2143672700AC445F /* FileawayTests.swift */,
				D8CCB81C2143672700AC445F /* Info.plist */,
			);
			path = FileawayTests;
			sourceTree = "<group>";
		};
		D8CCB8242143672700AC445F /* FileawayUITests */ = {
			isa = PBXGroup;
			children = (
				D8CCB8252143672700AC445F /* FileawayUITests.swift */,
				D8CCB8272143672700AC445F /* Info.plist */,
			);
			path = FileawayUITests;
			sourceTree = "<group>";
		};
		D8F763D3292255200051D740 /* Viewer */ = {
			isa = PBXGroup;
			children = (
				D8D81EAF291DC70200870E6E /* ContentView.swift */,
			);
			path = Viewer;
			sourceTree = "<group>";
		};
		D8F763D42922553F0051D740 /* Editor */ = {
			isa = PBXGroup;
			children = (
				D8A871D12916D56400B2932A /* ComponentItem.swift */,
				D81C5D92249BE3710083BD6F /* RulesView.swift */,
				D81C5D94249BE6F40083BD6F /* RuleView.swift */,
				D8D81EB8291DD23800870E6E /* VariableRow.swift */,
				D8D81EB1291DD07800870E6E /* VariableView.swift */,
			);
			path = Editor;
			sourceTree = "<group>";
		};
		D8F763D5292255780051D740 /* Wizard */ = {
			isa = PBXGroup;
			children = (
				D8F763DD29226FD30051D740 /* DocumentPreviewButton.swift */,
				D850BD3229333E3800D81AAA /* DocumentPreviewHeader.swift */,
				D8F763DB29225F720051D740 /* RuleFormView.swift */,
				D8F763D9292259960051D740 /* RulePicker.swift */,
				D8648711292D323A007CD688 /* RulePickerRow.swift */,
				D855329F291E5FB400C21E12 /* WizardView.swift */,
			);
			path = Wizard;
			sourceTree = "<group>";
		};
		D8F763D6292255A30051D740 /* Settings */ = {
			isa = PBXGroup;
			children = (
				D864870C292CB99C007CD688 /* AddFileTypesView.swift */,
				D85067F9292B8DE80017865A /* FileTypesView.swift */,
				D8CCD292246EDC6A007EF2BB /* SettingsView.swift */,
			);
			path = Settings;
			sourceTree = "<group>";
		};
		D8F763D8292255FE0051D740 /* Common */ = {
			isa = PBXGroup;
			children = (
				D8E4CA5C249D061D00F5BC8E /* EditableText.swift */,
				D8CAE3ED249D3AD70047CA36 /* ErrorText.swift */,
				D8E4CA5A249CF8A600F5BC8E /* Selectable.swift */,
			);
			path = Common;
			sourceTree = "<group>";
		};
/* End PBXGroup section */

/* Begin PBXNativeTarget section */
		D8CCB8012143672700AC445F /* Fileaway */ = {
			isa = PBXNativeTarget;
			buildConfigurationList = D8CCB82A2143672700AC445F /* Build configuration list for PBXNativeTarget "Fileaway" */;
			buildPhases = (
				D8CCB7FE2143672700AC445F /* Sources */,
				D8CCB7FF2143672700AC445F /* Frameworks */,
				D8CCB8002143672700AC445F /* Resources */,
			);
			buildRules = (
			);
			dependencies = (
			);
			name = Fileaway;
			packageProductDependencies = (
				D88B353C28B61247000C8910 /* FileawayCore */,
				D8FB857E2916D2430024F885 /* Diligence */,
				D8A871D62917F82C00B2932A /* Interact */,
				D86AA555291DB7E00078B2DA /* FilePicker */,
				D898D1D3293515EF007C17E5 /* TokenUI */,
			);
			productName = Fileaway;
			productReference = D8CCB8022143672700AC445F /* Fileaway.app */;
			productType = "com.apple.product-type.application";
		};
		D8CCB8152143672700AC445F /* FileawayTests */ = {
			isa = PBXNativeTarget;
			buildConfigurationList = D8CCB82D2143672700AC445F /* Build configuration list for PBXNativeTarget "FileawayTests" */;
			buildPhases = (
				D8CCB8122143672700AC445F /* Sources */,
				D8CCB8132143672700AC445F /* Frameworks */,
				D8CCB8142143672700AC445F /* Resources */,
			);
			buildRules = (
			);
			dependencies = (
				D8CCB8182143672700AC445F /* PBXTargetDependency */,
			);
			name = FileawayTests;
			productName = FileawayTests;
			productReference = D8CCB8162143672700AC445F /* FileawayTests.xctest */;
			productType = "com.apple.product-type.bundle.unit-test";
		};
		D8CCB8202143672700AC445F /* FileawayUITests */ = {
			isa = PBXNativeTarget;
			buildConfigurationList = D8CCB8302143672700AC445F /* Build configuration list for PBXNativeTarget "FileawayUITests" */;
			buildPhases = (
				D8CCB81D2143672700AC445F /* Sources */,
				D8CCB81E2143672700AC445F /* Frameworks */,
				D8CCB81F2143672700AC445F /* Resources */,
			);
			buildRules = (
			);
			dependencies = (
				D8CCB8232143672700AC445F /* PBXTargetDependency */,
			);
			name = FileawayUITests;
			productName = FileawayUITests;
			productReference = D8CCB8212143672700AC445F /* FileawayUITests.xctest */;
			productType = "com.apple.product-type.bundle.ui-testing";
		};
/* End PBXNativeTarget section */

/* Begin PBXProject section */
		D8CCB7FA2143672700AC445F /* Project object */ = {
			isa = PBXProject;
			attributes = {
				LastSwiftUpdateCheck = 0900;
				LastUpgradeCheck = 1240;
				ORGANIZATIONNAME = "Jason Morley";
				TargetAttributes = {
					D8CCB8012143672700AC445F = {
						CreatedOnToolsVersion = 9.0;
						LastSwiftMigration = "";
					};
					D8CCB8152143672700AC445F = {
						CreatedOnToolsVersion = 9.0;
						LastSwiftMigration = "";
						ProvisioningStyle = Automatic;
						TestTargetID = D8CCB8012143672700AC445F;
					};
					D8CCB8202143672700AC445F = {
						CreatedOnToolsVersion = 9.0;
						LastSwiftMigration = "";
						ProvisioningStyle = Automatic;
						TestTargetID = D8CCB8012143672700AC445F;
					};
				};
			};
			buildConfigurationList = D8CCB7FD2143672700AC445F /* Build configuration list for PBXProject "Fileaway-iOS" */;
			compatibilityVersion = "Xcode 8.0";
			developmentRegion = en;
			hasScannedForEncodings = 0;
			knownRegions = (
				en,
				Base,
			);
			mainGroup = D8CCB7F92143672700AC445F;
			packageReferences = (
				D898D1D2293515EF007C17E5 /* XCRemoteSwiftPackageReference "token-ui" */,
			);
			productRefGroup = D8CCB8032143672700AC445F /* Products */;
			projectDirPath = "";
			projectRoot = "";
			targets = (
				D8CCB8012143672700AC445F /* Fileaway */,
				D8CCB8152143672700AC445F /* FileawayTests */,
				D8CCB8202143672700AC445F /* FileawayUITests */,
			);
		};
/* End PBXProject section */

/* Begin PBXResourcesBuildPhase section */
		D8CCB8002143672700AC445F /* Resources */ = {
			isa = PBXResourcesBuildPhase;
			buildActionMask = 2147483647;
			files = (
				D8CCB8102143672700AC445F /* LaunchScreen.storyboard in Resources */,
				D8CCB80D2143672700AC445F /* Assets.xcassets in Resources */,
			);
			runOnlyForDeploymentPostprocessing = 0;
		};
		D8CCB8142143672700AC445F /* Resources */ = {
			isa = PBXResourcesBuildPhase;
			buildActionMask = 2147483647;
			files = (
			);
			runOnlyForDeploymentPostprocessing = 0;
		};
		D8CCB81F2143672700AC445F /* Resources */ = {
			isa = PBXResourcesBuildPhase;
			buildActionMask = 2147483647;
			files = (
			);
			runOnlyForDeploymentPostprocessing = 0;
		};
/* End PBXResourcesBuildPhase section */

/* Begin PBXSourcesBuildPhase section */
		D8CCB7FE2143672700AC445F /* Sources */ = {
			isa = PBXSourcesBuildPhase;
			buildActionMask = 2147483647;
			files = (
				D8D81EB2291DD07800870E6E /* VariableView.swift in Sources */,
				D850BD3329333E3800D81AAA /* DocumentPreviewHeader.swift in Sources */,
				D850BD3629333FF300D81AAA /* CGSize.swift in Sources */,
				D85532A0291E5FB400C21E12 /* WizardView.swift in Sources */,
				D8F763DE29226FD30051D740 /* DocumentPreviewButton.swift in Sources */,
				D8A871D22916D56400B2932A /* ComponentItem.swift in Sources */,
				D8F763DC29225F720051D740 /* RuleFormView.swift in Sources */,
				D8D81EB0291DC70200870E6E /* ContentView.swift in Sources */,
				D8648712292D323A007CD688 /* RulePickerRow.swift in Sources */,
				D8C15DBA291A498F002DB14D /* FileawayApp.swift in Sources */,
				D81C5D95249BE6F40083BD6F /* RuleView.swift in Sources */,
				D8648710292CD08F007CD688 /* WizardModel.swift in Sources */,
				D8E4CA5B249CF8A600F5BC8E /* Selectable.swift in Sources */,
				D8CCD293246EDC6A007EF2BB /* SettingsView.swift in Sources */,
				D8F763DA292259960051D740 /* RulePicker.swift in Sources */,
				D85067FA292B8DE80017865A /* FileTypesView.swift in Sources */,
				D8CAE3EE249D3AD70047CA36 /* ErrorText.swift in Sources */,
				D81C5D93249BE3710083BD6F /* RulesView.swift in Sources */,
				D8E4CA5D249D061D00F5BC8E /* EditableText.swift in Sources */,
				D864870D292CB99C007CD688 /* AddFileTypesView.swift in Sources */,
				D8D81EB9291DD23800870E6E /* VariableRow.swift in Sources */,
			);
			runOnlyForDeploymentPostprocessing = 0;
		};
		D8CCB8122143672700AC445F /* Sources */ = {
			isa = PBXSourcesBuildPhase;
			buildActionMask = 2147483647;
			files = (
				D8CCB81B2143672700AC445F /* FileawayTests.swift in Sources */,
			);
			runOnlyForDeploymentPostprocessing = 0;
		};
		D8CCB81D2143672700AC445F /* Sources */ = {
			isa = PBXSourcesBuildPhase;
			buildActionMask = 2147483647;
			files = (
				D8CCB8262143672700AC445F /* FileawayUITests.swift in Sources */,
			);
			runOnlyForDeploymentPostprocessing = 0;
		};
/* End PBXSourcesBuildPhase section */

/* Begin PBXTargetDependency section */
		D8CCB8182143672700AC445F /* PBXTargetDependency */ = {
			isa = PBXTargetDependency;
			target = D8CCB8012143672700AC445F /* Fileaway */;
			targetProxy = D8CCB8172143672700AC445F /* PBXContainerItemProxy */;
		};
		D8CCB8232143672700AC445F /* PBXTargetDependency */ = {
			isa = PBXTargetDependency;
			target = D8CCB8012143672700AC445F /* Fileaway */;
			targetProxy = D8CCB8222143672700AC445F /* PBXContainerItemProxy */;
		};
/* End PBXTargetDependency section */

/* Begin PBXVariantGroup section */
		D8CCB80E2143672700AC445F /* LaunchScreen.storyboard */ = {
			isa = PBXVariantGroup;
			children = (
				D8CCB80F2143672700AC445F /* Base */,
			);
			name = LaunchScreen.storyboard;
			sourceTree = "<group>";
		};
/* End PBXVariantGroup section */

/* Begin XCBuildConfiguration section */
		D8CCB8282143672700AC445F /* Debug */ = {
			isa = XCBuildConfiguration;
			buildSettings = {
				ALWAYS_SEARCH_USER_PATHS = NO;
				CLANG_ANALYZER_NONNULL = YES;
				CLANG_ANALYZER_NUMBER_OBJECT_CONVERSION = YES_AGGRESSIVE;
				CLANG_CXX_LANGUAGE_STANDARD = "gnu++14";
				CLANG_CXX_LIBRARY = "libc++";
				CLANG_ENABLE_MODULES = YES;
				CLANG_ENABLE_OBJC_ARC = YES;
				CLANG_WARN_BLOCK_CAPTURE_AUTORELEASING = YES;
				CLANG_WARN_BOOL_CONVERSION = YES;
				CLANG_WARN_COMMA = YES;
				CLANG_WARN_CONSTANT_CONVERSION = YES;
				CLANG_WARN_DEPRECATED_OBJC_IMPLEMENTATIONS = YES;
				CLANG_WARN_DIRECT_OBJC_ISA_USAGE = YES_ERROR;
				CLANG_WARN_DOCUMENTATION_COMMENTS = YES;
				CLANG_WARN_EMPTY_BODY = YES;
				CLANG_WARN_ENUM_CONVERSION = YES;
				CLANG_WARN_INFINITE_RECURSION = YES;
				CLANG_WARN_INT_CONVERSION = YES;
				CLANG_WARN_NON_LITERAL_NULL_CONVERSION = YES;
				CLANG_WARN_OBJC_IMPLICIT_RETAIN_SELF = YES;
				CLANG_WARN_OBJC_LITERAL_CONVERSION = YES;
				CLANG_WARN_OBJC_ROOT_CLASS = YES_ERROR;
				CLANG_WARN_QUOTED_INCLUDE_IN_FRAMEWORK_HEADER = YES;
				CLANG_WARN_RANGE_LOOP_ANALYSIS = YES;
				CLANG_WARN_STRICT_PROTOTYPES = YES;
				CLANG_WARN_SUSPICIOUS_MOVE = YES;
				CLANG_WARN_UNGUARDED_AVAILABILITY = YES_AGGRESSIVE;
				CLANG_WARN_UNREACHABLE_CODE = YES;
				CLANG_WARN__DUPLICATE_METHOD_MATCH = YES;
				CODE_SIGN_IDENTITY = "iPhone Developer";
				COPY_PHASE_STRIP = NO;
				DEBUG_INFORMATION_FORMAT = dwarf;
				ENABLE_STRICT_OBJC_MSGSEND = YES;
				ENABLE_TESTABILITY = YES;
				GCC_C_LANGUAGE_STANDARD = gnu11;
				GCC_DYNAMIC_NO_PIC = NO;
				GCC_NO_COMMON_BLOCKS = YES;
				GCC_OPTIMIZATION_LEVEL = 0;
				GCC_PREPROCESSOR_DEFINITIONS = (
					"DEBUG=1",
					"$(inherited)",
				);
				GCC_TREAT_WARNINGS_AS_ERRORS = YES;
				GCC_WARN_64_TO_32_BIT_CONVERSION = YES;
				GCC_WARN_ABOUT_RETURN_TYPE = YES_ERROR;
				GCC_WARN_UNDECLARED_SELECTOR = YES;
				GCC_WARN_UNINITIALIZED_AUTOS = YES_AGGRESSIVE;
				GCC_WARN_UNUSED_FUNCTION = YES;
				GCC_WARN_UNUSED_VARIABLE = YES;
				IPHONEOS_DEPLOYMENT_TARGET = 17.0;
				MTL_ENABLE_DEBUG_INFO = YES;
				ONLY_ACTIVE_ARCH = YES;
				SDKROOT = iphoneos;
				SWIFT_ACTIVE_COMPILATION_CONDITIONS = DEBUG;
				SWIFT_OPTIMIZATION_LEVEL = "-Onone";
				SWIFT_TREAT_WARNINGS_AS_ERRORS = YES;
			};
			name = Debug;
		};
		D8CCB8292143672700AC445F /* Release */ = {
			isa = XCBuildConfiguration;
			buildSettings = {
				ALWAYS_SEARCH_USER_PATHS = NO;
				CLANG_ANALYZER_NONNULL = YES;
				CLANG_ANALYZER_NUMBER_OBJECT_CONVERSION = YES_AGGRESSIVE;
				CLANG_CXX_LANGUAGE_STANDARD = "gnu++14";
				CLANG_CXX_LIBRARY = "libc++";
				CLANG_ENABLE_MODULES = YES;
				CLANG_ENABLE_OBJC_ARC = YES;
				CLANG_WARN_BLOCK_CAPTURE_AUTORELEASING = YES;
				CLANG_WARN_BOOL_CONVERSION = YES;
				CLANG_WARN_COMMA = YES;
				CLANG_WARN_CONSTANT_CONVERSION = YES;
				CLANG_WARN_DEPRECATED_OBJC_IMPLEMENTATIONS = YES;
				CLANG_WARN_DIRECT_OBJC_ISA_USAGE = YES_ERROR;
				CLANG_WARN_DOCUMENTATION_COMMENTS = YES;
				CLANG_WARN_EMPTY_BODY = YES;
				CLANG_WARN_ENUM_CONVERSION = YES;
				CLANG_WARN_INFINITE_RECURSION = YES;
				CLANG_WARN_INT_CONVERSION = YES;
				CLANG_WARN_NON_LITERAL_NULL_CONVERSION = YES;
				CLANG_WARN_OBJC_IMPLICIT_RETAIN_SELF = YES;
				CLANG_WARN_OBJC_LITERAL_CONVERSION = YES;
				CLANG_WARN_OBJC_ROOT_CLASS = YES_ERROR;
				CLANG_WARN_QUOTED_INCLUDE_IN_FRAMEWORK_HEADER = YES;
				CLANG_WARN_RANGE_LOOP_ANALYSIS = YES;
				CLANG_WARN_STRICT_PROTOTYPES = YES;
				CLANG_WARN_SUSPICIOUS_MOVE = YES;
				CLANG_WARN_UNGUARDED_AVAILABILITY = YES_AGGRESSIVE;
				CLANG_WARN_UNREACHABLE_CODE = YES;
				CLANG_WARN__DUPLICATE_METHOD_MATCH = YES;
				CODE_SIGN_IDENTITY = "iPhone Developer";
				COPY_PHASE_STRIP = NO;
				DEBUG_INFORMATION_FORMAT = "dwarf-with-dsym";
				ENABLE_NS_ASSERTIONS = NO;
				ENABLE_STRICT_OBJC_MSGSEND = YES;
				GCC_C_LANGUAGE_STANDARD = gnu11;
				GCC_NO_COMMON_BLOCKS = YES;
				GCC_TREAT_WARNINGS_AS_ERRORS = YES;
				GCC_WARN_64_TO_32_BIT_CONVERSION = YES;
				GCC_WARN_ABOUT_RETURN_TYPE = YES_ERROR;
				GCC_WARN_UNDECLARED_SELECTOR = YES;
				GCC_WARN_UNINITIALIZED_AUTOS = YES_AGGRESSIVE;
				GCC_WARN_UNUSED_FUNCTION = YES;
				GCC_WARN_UNUSED_VARIABLE = YES;
				IPHONEOS_DEPLOYMENT_TARGET = 17.0;
				MTL_ENABLE_DEBUG_INFO = NO;
				SDKROOT = iphoneos;
				SWIFT_COMPILATION_MODE = wholemodule;
				SWIFT_OPTIMIZATION_LEVEL = "-O";
				SWIFT_TREAT_WARNINGS_AS_ERRORS = YES;
				VALIDATE_PRODUCT = YES;
			};
			name = Release;
		};
		D8CCB82B2143672700AC445F /* Debug */ = {
			isa = XCBuildConfiguration;
			buildSettings = {
				ASSETCATALOG_COMPILER_APPICON_NAME = AppIcon;
				ASSETCATALOG_COMPILER_GLOBAL_ACCENT_COLOR_NAME = AccentColor;
				CODE_SIGN_ENTITLEMENTS = Fileaway.entitlements;
				CODE_SIGN_STYLE = Automatic;
				CURRENT_PROJECT_VERSION = 1;
				DEVELOPMENT_TEAM = S4WXAUZQEV;
				INFOPLIST_FILE = Fileaway/Info.plist;
				INFOPLIST_KEY_CFBundleDisplayName = Fileaway;
				INFOPLIST_KEY_LSApplicationCategoryType = "public.app-category.productivity";
				LD_RUNPATH_SEARCH_PATHS = (
					"$(inherited)",
					"@executable_path/Frameworks",
				);
				MARKETING_VERSION = 1.0.0;
				PRODUCT_BUNDLE_IDENTIFIER = app.fileaway.apps.appstore;
				PRODUCT_NAME = Fileaway;
				SUPPORTED_PLATFORMS = "iphoneos iphonesimulator";
				SUPPORTS_MACCATALYST = NO;
				SUPPORTS_MAC_DESIGNED_FOR_IPHONE_IPAD = NO;
				SWIFT_VERSION = 5.0;
				TARGETED_DEVICE_FAMILY = "1,2";
			};
			name = Debug;
		};
		D8CCB82C2143672700AC445F /* Release */ = {
			isa = XCBuildConfiguration;
			buildSettings = {
				ASSETCATALOG_COMPILER_APPICON_NAME = AppIcon;
				ASSETCATALOG_COMPILER_GLOBAL_ACCENT_COLOR_NAME = AccentColor;
				CODE_SIGN_ENTITLEMENTS = Fileaway.entitlements;
				"CODE_SIGN_IDENTITY[sdk=iphoneos*]" = "iPhone Distribution";
				CODE_SIGN_STYLE = Manual;
				CURRENT_PROJECT_VERSION = 1;
				DEVELOPMENT_TEAM = "";
				"DEVELOPMENT_TEAM[sdk=iphoneos*]" = QS82QFHKWB;
				INFOPLIST_FILE = Fileaway/Info.plist;
				INFOPLIST_KEY_CFBundleDisplayName = Fileaway;
				INFOPLIST_KEY_LSApplicationCategoryType = "public.app-category.productivity";
				LD_RUNPATH_SEARCH_PATHS = (
					"$(inherited)",
					"@executable_path/Frameworks",
				);
				MARKETING_VERSION = 1.0.0;
				PRODUCT_BUNDLE_IDENTIFIER = app.fileaway.apps.appstore;
				PRODUCT_NAME = Fileaway;
				PROVISIONING_PROFILE_SPECIFIER = "";
				"PROVISIONING_PROFILE_SPECIFIER[sdk=iphoneos*]" = "Fileaway App Store Profile";
				SUPPORTED_PLATFORMS = "iphoneos iphonesimulator";
				SUPPORTS_MACCATALYST = NO;
				SUPPORTS_MAC_DESIGNED_FOR_IPHONE_IPAD = NO;
				SWIFT_VERSION = 5.0;
				TARGETED_DEVICE_FAMILY = "1,2";
			};
			name = Release;
		};
		D8CCB82E2143672700AC445F /* Debug */ = {
			isa = XCBuildConfiguration;
			buildSettings = {
				ALWAYS_EMBED_SWIFT_STANDARD_LIBRARIES = YES;
				BUNDLE_LOADER = "$(TEST_HOST)";
				CODE_SIGN_STYLE = Automatic;
				DEVELOPMENT_TEAM = S4WXAUZQEV;
				INFOPLIST_FILE = FileawayTests/Info.plist;
				LD_RUNPATH_SEARCH_PATHS = (
					"$(inherited)",
					"@executable_path/Frameworks",
					"@loader_path/Frameworks",
				);
				PRODUCT_BUNDLE_IDENTIFIER = app.fileaway.apps.appstore.tests;
				PRODUCT_NAME = "$(TARGET_NAME)";
				SWIFT_VERSION = 5.0;
				TARGETED_DEVICE_FAMILY = "1,2";
				TEST_HOST = "$(BUILT_PRODUCTS_DIR)/Fileaway.app/Fileaway";
			};
			name = Debug;
		};
		D8CCB82F2143672700AC445F /* Release */ = {
			isa = XCBuildConfiguration;
			buildSettings = {
				ALWAYS_EMBED_SWIFT_STANDARD_LIBRARIES = YES;
				BUNDLE_LOADER = "$(TEST_HOST)";
				CODE_SIGN_STYLE = Automatic;
				DEVELOPMENT_TEAM = S4WXAUZQEV;
				INFOPLIST_FILE = FileawayTests/Info.plist;
				LD_RUNPATH_SEARCH_PATHS = (
					"$(inherited)",
					"@executable_path/Frameworks",
					"@loader_path/Frameworks",
				);
				PRODUCT_BUNDLE_IDENTIFIER = app.fileaway.apps.appstore.tests;
				PRODUCT_NAME = "$(TARGET_NAME)";
				SWIFT_VERSION = 5.0;
				TARGETED_DEVICE_FAMILY = "1,2";
				TEST_HOST = "$(BUILT_PRODUCTS_DIR)/Fileaway.app/Fileaway";
			};
			name = Release;
		};
		D8CCB8312143672700AC445F /* Debug */ = {
			isa = XCBuildConfiguration;
			buildSettings = {
				ALWAYS_EMBED_SWIFT_STANDARD_LIBRARIES = YES;
				CODE_SIGN_STYLE = Automatic;
				DEVELOPMENT_TEAM = S4WXAUZQEV;
				INFOPLIST_FILE = FileawayUITests/Info.plist;
				LD_RUNPATH_SEARCH_PATHS = (
					"$(inherited)",
					"@executable_path/Frameworks",
					"@loader_path/Frameworks",
				);
				PRODUCT_BUNDLE_IDENTIFIER = app.fileaway.apps.appstore.uitests;
				PRODUCT_NAME = "$(TARGET_NAME)";
				SWIFT_VERSION = 5.0;
				TARGETED_DEVICE_FAMILY = "1,2";
				TEST_TARGET_NAME = Fileaway;
			};
			name = Debug;
		};
		D8CCB8322143672700AC445F /* Release */ = {
			isa = XCBuildConfiguration;
			buildSettings = {
				ALWAYS_EMBED_SWIFT_STANDARD_LIBRARIES = YES;
				CODE_SIGN_STYLE = Automatic;
				DEVELOPMENT_TEAM = S4WXAUZQEV;
				INFOPLIST_FILE = FileawayUITests/Info.plist;
				LD_RUNPATH_SEARCH_PATHS = (
					"$(inherited)",
					"@executable_path/Frameworks",
					"@loader_path/Frameworks",
				);
				PRODUCT_BUNDLE_IDENTIFIER = app.fileaway.apps.appstore.uitests;
				PRODUCT_NAME = "$(TARGET_NAME)";
				SWIFT_VERSION = 5.0;
				TARGETED_DEVICE_FAMILY = "1,2";
				TEST_TARGET_NAME = Fileaway;
			};
			name = Release;
		};
/* End XCBuildConfiguration section */

/* Begin XCConfigurationList section */
		D8CCB7FD2143672700AC445F /* Build configuration list for PBXProject "Fileaway-iOS" */ = {
			isa = XCConfigurationList;
			buildConfigurations = (
				D8CCB8282143672700AC445F /* Debug */,
				D8CCB8292143672700AC445F /* Release */,
			);
			defaultConfigurationIsVisible = 0;
			defaultConfigurationName = Release;
		};
		D8CCB82A2143672700AC445F /* Build configuration list for PBXNativeTarget "Fileaway" */ = {
			isa = XCConfigurationList;
			buildConfigurations = (
				D8CCB82B2143672700AC445F /* Debug */,
				D8CCB82C2143672700AC445F /* Release */,
			);
			defaultConfigurationIsVisible = 0;
			defaultConfigurationName = Release;
		};
		D8CCB82D2143672700AC445F /* Build configuration list for PBXNativeTarget "FileawayTests" */ = {
			isa = XCConfigurationList;
			buildConfigurations = (
				D8CCB82E2143672700AC445F /* Debug */,
				D8CCB82F2143672700AC445F /* Release */,
			);
			defaultConfigurationIsVisible = 0;
			defaultConfigurationName = Release;
		};
		D8CCB8302143672700AC445F /* Build configuration list for PBXNativeTarget "FileawayUITests" */ = {
			isa = XCConfigurationList;
			buildConfigurations = (
				D8CCB8312143672700AC445F /* Debug */,
				D8CCB8322143672700AC445F /* Release */,
			);
			defaultConfigurationIsVisible = 0;
			defaultConfigurationName = Release;
		};
/* End XCConfigurationList section */

/* Begin XCRemoteSwiftPackageReference section */
		D898D1D2293515EF007C17E5 /* XCRemoteSwiftPackageReference "token-ui" */ = {
			isa = XCRemoteSwiftPackageReference;
			repositoryURL = "https://github.com/hootsuite/token-ui.git";
			requirement = {
				branch = master;
				kind = branch;
			};
		};
/* End XCRemoteSwiftPackageReference section */

/* Begin XCSwiftPackageProductDependency section */
		D86AA555291DB7E00078B2DA /* FilePicker */ = {
			isa = XCSwiftPackageProductDependency;
			productName = FilePicker;
		};
		D88B353C28B61247000C8910 /* FileawayCore */ = {
			isa = XCSwiftPackageProductDependency;
			productName = FileawayCore;
		};
		D898D1D3293515EF007C17E5 /* TokenUI */ = {
			isa = XCSwiftPackageProductDependency;
			package = D898D1D2293515EF007C17E5 /* XCRemoteSwiftPackageReference "token-ui" */;
			productName = TokenUI;
		};
		D8A871D62917F82C00B2932A /* Interact */ = {
			isa = XCSwiftPackageProductDependency;
			productName = Interact;
		};
		D8FB857E2916D2430024F885 /* Diligence */ = {
			isa = XCSwiftPackageProductDependency;
			productName = Diligence;
		};
/* End XCSwiftPackageProductDependency section */
	};
	rootObject = D8CCB7FA2143672700AC445F /* Project object */;
}
