{
  "originHash" : "9cb28943a399f11fe8204f3837211460bdb41204047d5b62b6def921f677e3a3",
  "pins" : [
    {
      "identity" : "diligence",
      "kind" : "remoteSourceControl",
      "location" : "https://github.com/inseven/diligence.git",
      "state" : {
        "revision" : "5faa62e7f528faa6aa2d1b5d022b78fe3698c62a",
        "version" : "2.0.1"
      }
    },
    {
      "identity" : "eonilfsevents",
      "kind" : "remoteSourceControl",
      "location" : "https://github.com/jbmorley/EonilFSEvents.git",
      "state" : {
        "branch" : "master",
        "revision" : "a54369c44ab9caabf611d01080e64fe30608d83f"
      }
    },
    {
      "identity" : "interact",
      "kind" : "remoteSourceControl",
      "location" : "https://github.com/jbmorley/interact.git",
      "state" : {
        "revision" : "f54eb2dcd05b40f02ecab721044d87049fbaca78",
        "version" : "3.10.7"
      }
    },
    {
      "identity" : "licensable",
      "kind" : "remoteSourceControl",
      "location" : "https://github.com/inseven/licensable",
      "state" : {
        "revision" : "093c4b45d83e133d214530ea711cb8b91074606b",
        "version" : "0.1.0"
      }
    },
    {
      "identity" : "swift-collections",
      "kind" : "remoteSourceControl",
      "location" : "https://github.com/apple/swift-collections",
      "state" : {
        "revision" : "98ef3c98609a1e31b7e157b5b619579001a789d6",
        "version" : "1.7.1"
      }
    }
  ],
  "version" : 3
}
